// !$*UTF8*$!
{
	archiveVersion = 1;
	classes = {
	};
	objectVersion = 46;
	objects = {

/* Begin PBXBuildFile section */
		A858609D1782084600F83F6A /* DetailsEventInfoViewController.m in Sources */ = {isa = PBXBuildFile; fileRef = A858609C1782084600F83F6A /* DetailsEventInfoViewController.m */; };
		A85E94ED1781E3E70078F165 /* Images.plist in Resources */ = {isa = PBXBuildFile; fileRef = A85E94EC1781E3E70078F165 /* Images.plist */; };
		A85E94F01781EBF00078F165 /* promoterCodeViewController.m in Sources */ = {isa = PBXBuildFile; fileRef = A85E94EF1781EBF00078F165 /* promoterCodeViewController.m */; };
		A85E94F51781EC0A0078F165 /* jsonParser.m in Sources */ = {isa = PBXBuildFile; fileRef = A85E94F21781EC0A0078F165 /* jsonParser.m */; };
		A85E94F61781EC0A0078F165 /* webServiceCaller.m in Sources */ = {isa = PBXBuildFile; fileRef = A85E94F41781EC0A0078F165 /* webServiceCaller.m */; };
		A85E950D1781EC300078F165 /* SBJsonParser.m in Sources */ = {isa = PBXBuildFile; fileRef = A85E94FA1781EC300078F165 /* SBJsonParser.m */; };
		A85E950E1781EC300078F165 /* SBJsonStreamParser.m in Sources */ = {isa = PBXBuildFile; fileRef = A85E94FC1781EC300078F165 /* SBJsonStreamParser.m */; };
		A85E950F1781EC300078F165 /* SBJsonStreamParserAccumulator.m in Sources */ = {isa = PBXBuildFile; fileRef = A85E94FE1781EC300078F165 /* SBJsonStreamParserAccumulator.m */; };
		A85E95101781EC300078F165 /* SBJsonStreamParserAdapter.m in Sources */ = {isa = PBXBuildFile; fileRef = A85E95001781EC300078F165 /* SBJsonStreamParserAdapter.m */; };
		A85E95111781EC300078F165 /* SBJsonStreamParserState.m in Sources */ = {isa = PBXBuildFile; fileRef = A85E95021781EC300078F165 /* SBJsonStreamParserState.m */; };
		A85E95121781EC300078F165 /* SBJsonStreamTokeniser.m in Sources */ = {isa = PBXBuildFile; fileRef = A85E95041781EC300078F165 /* SBJsonStreamTokeniser.m */; };
		A85E95131781EC300078F165 /* SBJsonStreamWriter.m in Sources */ = {isa = PBXBuildFile; fileRef = A85E95061781EC300078F165 /* SBJsonStreamWriter.m */; };
		A85E95141781EC300078F165 /* SBJsonStreamWriterAccumulator.m in Sources */ = {isa = PBXBuildFile; fileRef = A85E95081781EC300078F165 /* SBJsonStreamWriterAccumulator.m */; };
		A85E95151781EC300078F165 /* SBJsonStreamWriterState.m in Sources */ = {isa = PBXBuildFile; fileRef = A85E950A1781EC300078F165 /* SBJsonStreamWriterState.m */; };
		A85E95161781EC300078F165 /* SBJsonWriter.m in Sources */ = {isa = PBXBuildFile; fileRef = A85E950C1781EC300078F165 /* SBJsonWriter.m */; };
		A89689861781D197001682B0 /* ControllerCarousel.m in Sources */ = {isa = PBXBuildFile; fileRef = A89689851781D197001682B0 /* ControllerCarousel.m */; };
		A89D25A9177EDF4600F10202 /* iCarousel.m in Sources */ = {isa = PBXBuildFile; fileRef = A89D25A8177EDF4600F10202 /* iCarousel.m */; settings = {COMPILER_FLAGS = "-fno-objc-arc"; }; };
		A89D25AB177EDFEF00F10202 /* QuartzCore.framework in Frameworks */ = {isa = PBXBuildFile; fileRef = A89D25AA177EDFEF00F10202 /* QuartzCore.framework */; };
		A89D25AD177EE1EB00F10202 /* page.png in Resources */ = {isa = PBXBuildFile; fileRef = A89D25AC177EE1EB00F10202 /* page.png */; };
		A8A27C2A1773B06000E8CFD1 /* Default.png in Resources */ = {isa = PBXBuildFile; fileRef = A8A27C291773B06000E8CFD1 /* Default.png */; };
		A8A27C2C1773B0B100E8CFD1 /* Default@2x.png in Resources */ = {isa = PBXBuildFile; fileRef = A8A27C2B1773B0B100E8CFD1 /* Default@2x.png */; };
		A8A2B040177DFBC000B72A54 /* info.png in Resources */ = {isa = PBXBuildFile; fileRef = A8A2B034177DFBC000B72A54 /* info.png */; };
		A8A2B041177DFBC000B72A54 /* info@2x.png in Resources */ = {isa = PBXBuildFile; fileRef = A8A2B035177DFBC000B72A54 /* info@2x.png */; };
		A8A2B042177DFBC000B72A54 /* infoS.png in Resources */ = {isa = PBXBuildFile; fileRef = A8A2B036177DFBC000B72A54 /* infoS.png */; };
		A8A2B043177DFBC000B72A54 /* infoS@2x.png in Resources */ = {isa = PBXBuildFile; fileRef = A8A2B037177DFBC000B72A54 /* infoS@2x.png */; };
		A8A2B044177DFBC000B72A54 /* precio.png in Resources */ = {isa = PBXBuildFile; fileRef = A8A2B038177DFBC000B72A54 /* precio.png */; };
		A8A2B045177DFBC000B72A54 /* precio@2x.png in Resources */ = {isa = PBXBuildFile; fileRef = A8A2B039177DFBC000B72A54 /* precio@2x.png */; };
		A8A2B046177DFBC000B72A54 /* precioS.png in Resources */ = {isa = PBXBuildFile; fileRef = A8A2B03A177DFBC000B72A54 /* precioS.png */; };
		A8A2B047177DFBC000B72A54 /* precioS@2x.png in Resources */ = {isa = PBXBuildFile; fileRef = A8A2B03B177DFBC000B72A54 /* precioS@2x.png */; };
		A8A2B048177DFBC000B72A54 /* sitio.png in Resources */ = {isa = PBXBuildFile; fileRef = A8A2B03C177DFBC000B72A54 /* sitio.png */; };
		A8A2B049177DFBC000B72A54 /* sitio@2x.png in Resources */ = {isa = PBXBuildFile; fileRef = A8A2B03D177DFBC000B72A54 /* sitio@2x.png */; };
		A8A2B04A177DFBC000B72A54 /* sitioS.png in Resources */ = {isa = PBXBuildFile; fileRef = A8A2B03E177DFBC000B72A54 /* sitioS.png */; };
		A8A2B04B177DFBC000B72A54 /* sitioS@2x.png in Resources */ = {isa = PBXBuildFile; fileRef = A8A2B03F177DFBC000B72A54 /* sitioS@2x.png */; };
		A8AD2061177C7B5F00090305 /* 2.BG.png in Resources */ = {isa = PBXBuildFile; fileRef = A8AD205D177C7B5F00090305 /* 2.BG.png */; };
		A8AD2062177C7B5F00090305 /* 2.BG@2x.png in Resources */ = {isa = PBXBuildFile; fileRef = A8AD205E177C7B5F00090305 /* 2.BG@2x.png */; };
		A8AD2063177C7B5F00090305 /* 2.ButtonAcceso.png in Resources */ = {isa = PBXBuildFile; fileRef = A8AD205F177C7B5F00090305 /* 2.ButtonAcceso.png */; };
		A8AD2064177C7B5F00090305 /* 2.ButtonAcceso@2x.png in Resources */ = {isa = PBXBuildFile; fileRef = A8AD2060177C7B5F00090305 /* 2.ButtonAcceso@2x.png */; };
		A8AD207E177C7F0F00090305 /* 3.BG.png in Resources */ = {isa = PBXBuildFile; fileRef = A8AD2073177C7F0F00090305 /* 3.BG.png */; };
		A8AD207F177C7F0F00090305 /* 3.BG@2x.png in Resources */ = {isa = PBXBuildFile; fileRef = A8AD2074177C7F0F00090305 /* 3.BG@2x.png */; };
		A8AD2080177C7F0F00090305 /* 3.ButtonProblemas.png in Resources */ = {isa = PBXBuildFile; fileRef = A8AD2075177C7F0F00090305 /* 3.ButtonProblemas.png */; };
		A8AD2081177C7F0F00090305 /* 3.ButtonProblemas@2x.png in Resources */ = {isa = PBXBuildFile; fileRef = A8AD2076177C7F0F00090305 /* 3.ButtonProblemas@2x.png */; };
		A8AD2082177C7F0F00090305 /* 3.ButtonSolicitar.png in Resources */ = {isa = PBXBuildFile; fileRef = A8AD2077177C7F0F00090305 /* 3.ButtonSolicitar.png */; };
		A8AD2083177C7F0F00090305 /* 3.ButtonSolicitar@2x.png in Resources */ = {isa = PBXBuildFile; fileRef = A8AD2078177C7F0F00090305 /* 3.ButtonSolicitar@2x.png */; };
		A8AD2084177C7F0F00090305 /* 4.BG.png in Resources */ = {isa = PBXBuildFile; fileRef = A8AD207A177C7F0F00090305 /* 4.BG.png */; };
		A8AD2085177C7F0F00090305 /* 4.BG@2x.png in Resources */ = {isa = PBXBuildFile; fileRef = A8AD207B177C7F0F00090305 /* 4.BG@2x.png */; };
		A8AD2086177C7F0F00090305 /* 4.Label-PRÓXIMO-EVENTO.png in Resources */ = {isa = PBXBuildFile; fileRef = A8AD207C177C7F0F00090305 /* 4.Label-PRÓXIMO-EVENTO.png */; };
		A8AD2087177C7F0F00090305 /* 4.Label-PRÓXIMO-EVENTO@2x.png in Resources */ = {isa = PBXBuildFile; fileRef = A8AD207D177C7F0F00090305 /* 4.Label-PRÓXIMO-EVENTO@2x.png */; };
		A8AD209F177C88F200090305 /* 5.BG.png in Resources */ = {isa = PBXBuildFile; fileRef = A8AD2089177C88F200090305 /* 5.BG.png */; };
		A8AD20A0177C88F200090305 /* 5.BG@2x.png in Resources */ = {isa = PBXBuildFile; fileRef = A8AD208A177C88F200090305 /* 5.BG@2x.png */; };
		A8AD20A3177C88F200090305 /* 5.ButtonReservarAcceso.png in Resources */ = {isa = PBXBuildFile; fileRef = A8AD208D177C88F200090305 /* 5.ButtonReservarAcceso.png */; };
		A8AD20A4177C88F200090305 /* 5.ButtonReservarAcceso@2x.png in Resources */ = {isa = PBXBuildFile; fileRef = A8AD208E177C88F200090305 /* 5.ButtonReservarAcceso@2x.png */; };
		A8AD20C4177C8CA100090305 /* 9.ACOMPAÑANTES-.png in Resources */ = {isa = PBXBuildFile; fileRef = A8AD20B4177C8CA100090305 /* 9.ACOMPAÑANTES-.png */; };
		A8AD20C5177C8CA100090305 /* 9.ACOMPAÑANTES-@2x.png in Resources */ = {isa = PBXBuildFile; fileRef = A8AD20B5177C8CA100090305 /* 9.ACOMPAÑANTES-@2x.png */; };
		A8AD20C6177C8CA100090305 /* 9.ButtonOK.png in Resources */ = {isa = PBXBuildFile; fileRef = A8AD20B6177C8CA100090305 /* 9.ButtonOK.png */; };
		A8AD20C7177C8CA100090305 /* 9.ButtonOK@2x.png in Resources */ = {isa = PBXBuildFile; fileRef = A8AD20B7177C8CA100090305 /* 9.ButtonOK@2x.png */; };
		A8AD20C8177C8CA100090305 /* 9.contacto-para-reserva-especial.png in Resources */ = {isa = PBXBuildFile; fileRef = A8AD20B8177C8CA100090305 /* 9.contacto-para-reserva-especial.png */; };
		A8AD20C9177C8CA100090305 /* 9.contacto-para-reserva-especial@2x.png in Resources */ = {isa = PBXBuildFile; fileRef = A8AD20B9177C8CA100090305 /* 9.contacto-para-reserva-especial@2x.png */; };
		A8AD20CA177C8CA100090305 /* 9.DATOS-RESERVA.png in Resources */ = {isa = PBXBuildFile; fileRef = A8AD20BA177C8CA100090305 /* 9.DATOS-RESERVA.png */; };
		A8AD20CB177C8CA100090305 /* 9.DATOS-RESERVA@2x.png in Resources */ = {isa = PBXBuildFile; fileRef = A8AD20BB177C8CA100090305 /* 9.DATOS-RESERVA@2x.png */; };
		A8AD20CC177C8CA100090305 /* 9.ESPACIO-VIP-en-cabina.png in Resources */ = {isa = PBXBuildFile; fileRef = A8AD20BC177C8CA100090305 /* 9.ESPACIO-VIP-en-cabina.png */; };
		A8AD20CD177C8CA100090305 /* 9.ESPACIO-VIP-en-cabina@2x.png in Resources */ = {isa = PBXBuildFile; fileRef = A8AD20BD177C8CA100090305 /* 9.ESPACIO-VIP-en-cabina@2x.png */; };
		A8AD20CE177C8CA100090305 /* 9.flechaDropdown.png in Resources */ = {isa = PBXBuildFile; fileRef = A8AD20BE177C8CA100090305 /* 9.flechaDropdown.png */; };
		A8AD20CF177C8CA100090305 /* 9.flechaDropdown@2x.png in Resources */ = {isa = PBXBuildFile; fileRef = A8AD20BF177C8CA100090305 /* 9.flechaDropdown@2x.png */; };
		A8AD20D0177C8CA100090305 /* 9.grisDropdown.png in Resources */ = {isa = PBXBuildFile; fileRef = A8AD20C0177C8CA100090305 /* 9.grisDropdown.png */; };
		A8AD20D1177C8CA100090305 /* 9.grisDropdown@2x.png in Resources */ = {isa = PBXBuildFile; fileRef = A8AD20C1177C8CA100090305 /* 9.grisDropdown@2x.png */; };
		A8AD20D2177C8CA100090305 /* 9.HABITACIONES-.png in Resources */ = {isa = PBXBuildFile; fileRef = A8AD20C2177C8CA100090305 /* 9.HABITACIONES-.png */; };
		A8AD20D3177C8CA100090305 /* 9.HABITACIONES-@2x.png in Resources */ = {isa = PBXBuildFile; fileRef = A8AD20C3177C8CA100090305 /* 9.HABITACIONES-@2x.png */; };
		A8AD20DF177C978700090305 /* 13.BG.png in Resources */ = {isa = PBXBuildFile; fileRef = A8AD20D5177C978700090305 /* 13.BG.png */; };
		A8AD20E0177C978700090305 /* 13.BG@2x.png in Resources */ = {isa = PBXBuildFile; fileRef = A8AD20D6177C978700090305 /* 13.BG@2x.png */; };
		A8AD20E1177C978700090305 /* 13.ButtonAnularReserva.png in Resources */ = {isa = PBXBuildFile; fileRef = A8AD20D7177C978700090305 /* 13.ButtonAnularReserva.png */; };
		A8AD20E2177C978700090305 /* 13.ButtonAnularReserva@2x.png in Resources */ = {isa = PBXBuildFile; fileRef = A8AD20D8177C978700090305 /* 13.ButtonAnularReserva@2x.png */; };
		A8AD20E3177C978700090305 /* 13.ButtonCambiarReserva.png in Resources */ = {isa = PBXBuildFile; fileRef = A8AD20D9177C978700090305 /* 13.ButtonCambiarReserva.png */; };
		A8AD20E4177C978700090305 /* 13.ButtonCambiarReserva@2x.png in Resources */ = {isa = PBXBuildFile; fileRef = A8AD20DA177C978700090305 /* 13.ButtonCambiarReserva@2x.png */; };
		A8AD20E5177C978700090305 /* 13.ButtonVerReserva.png in Resources */ = {isa = PBXBuildFile; fileRef = A8AD20DB177C978700090305 /* 13.ButtonVerReserva.png */; };
		A8AD20E6177C978700090305 /* 13.ButtonVerReserva@2x.png in Resources */ = {isa = PBXBuildFile; fileRef = A8AD20DC177C978700090305 /* 13.ButtonVerReserva@2x.png */; };
		A8AD20E7177C978700090305 /* 13.CODIGO-ENTRADA.png in Resources */ = {isa = PBXBuildFile; fileRef = A8AD20DD177C978700090305 /* 13.CODIGO-ENTRADA.png */; };
		A8AD20E8177C978700090305 /* 13.CODIGO-ENTRADA@2x.png in Resources */ = {isa = PBXBuildFile; fileRef = A8AD20DE177C978700090305 /* 13.CODIGO-ENTRADA@2x.png */; };
		A8AD20EE177C98E900090305 /* 0.inviteS.png in Resources */ = {isa = PBXBuildFile; fileRef = A8AD20EA177C98E900090305 /* 0.inviteS.png */; };
		A8AD20EF177C98E900090305 /* 0.inviteS@2x.png in Resources */ = {isa = PBXBuildFile; fileRef = A8AD20EB177C98E900090305 /* 0.inviteS@2x.png */; };
		A8AD20F0177C98E900090305 /* 14.BG.png in Resources */ = {isa = PBXBuildFile; fileRef = A8AD20EC177C98E900090305 /* 14.BG.png */; };
		A8AD20F1177C98E900090305 /* 14.BG@2x.png in Resources */ = {isa = PBXBuildFile; fileRef = A8AD20ED177C98E900090305 /* 14.BG@2x.png */; };
		A8AD20FD177C9A1E00090305 /* 15.BG.png in Resources */ = {isa = PBXBuildFile; fileRef = A8AD20F3177C9A1E00090305 /* 15.BG.png */; };
		A8AD20FE177C9A1E00090305 /* 15.BG@2x.png in Resources */ = {isa = PBXBuildFile; fileRef = A8AD20F4177C9A1E00090305 /* 15.BG@2x.png */; };
		A8AD20FF177C9A1E00090305 /* 15.buttonMensaje.png in Resources */ = {isa = PBXBuildFile; fileRef = A8AD20F5177C9A1E00090305 /* 15.buttonMensaje.png */; };
		A8AD2100177C9A1E00090305 /* 15.buttonMensaje@2x.png in Resources */ = {isa = PBXBuildFile; fileRef = A8AD20F6177C9A1E00090305 /* 15.buttonMensaje@2x.png */; };
		A8AD2101177C9A1E00090305 /* 15.buttonTras.png in Resources */ = {isa = PBXBuildFile; fileRef = A8AD20F7177C9A1E00090305 /* 15.buttonTras.png */; };
		A8AD2102177C9A1E00090305 /* 15.buttonTras@2x.png in Resources */ = {isa = PBXBuildFile; fileRef = A8AD20F8177C9A1E00090305 /* 15.buttonTras@2x.png */; };
		A8AD2103177C9A1E00090305 /* 15.de_.png in Resources */ = {isa = PBXBuildFile; fileRef = A8AD20F9177C9A1E00090305 /* 15.de_.png */; };
		A8AD2104177C9A1E00090305 /* 15.de_@2x.png in Resources */ = {isa = PBXBuildFile; fileRef = A8AD20FA177C9A1E00090305 /* 15.de_@2x.png */; };
		A8AD2105177C9A1E00090305 /* 15.MENSAJES.png in Resources */ = {isa = PBXBuildFile; fileRef = A8AD20FB177C9A1E00090305 /* 15.MENSAJES.png */; };
		A8AD2106177C9A1E00090305 /* 15.MENSAJES@2x.png in Resources */ = {isa = PBXBuildFile; fileRef = A8AD20FC177C9A1E00090305 /* 15.MENSAJES@2x.png */; };
		A8AD2112177C9C8A00090305 /* 15.2.BG.png in Resources */ = {isa = PBXBuildFile; fileRef = A8AD2108177C9C8A00090305 /* 15.2.BG.png */; };
		A8AD2113177C9C8B00090305 /* 15.2.BG@2x.png in Resources */ = {isa = PBXBuildFile; fileRef = A8AD2109177C9C8A00090305 /* 15.2.BG@2x.png */; };
		A8AD2114177C9C8B00090305 /* 15.2.ButtonDescartar.png in Resources */ = {isa = PBXBuildFile; fileRef = A8AD210A177C9C8A00090305 /* 15.2.ButtonDescartar.png */; };
		A8AD2115177C9C8B00090305 /* 15.2.ButtonDescartar@2x.png in Resources */ = {isa = PBXBuildFile; fileRef = A8AD210B177C9C8A00090305 /* 15.2.ButtonDescartar@2x.png */; };
		A8AD2116177C9C8B00090305 /* 15.2.ButtonEnviar.png in Resources */ = {isa = PBXBuildFile; fileRef = A8AD210C177C9C8A00090305 /* 15.2.ButtonEnviar.png */; };
		A8AD2117177C9C8B00090305 /* 15.2.ButtonEnviar@2x.png in Resources */ = {isa = PBXBuildFile; fileRef = A8AD210D177C9C8A00090305 /* 15.2.ButtonEnviar@2x.png */; };
		A8AD2118177C9C8B00090305 /* 15.2.ButtonVolver.png in Resources */ = {isa = PBXBuildFile; fileRef = A8AD210E177C9C8A00090305 /* 15.2.ButtonVolver.png */; };
		A8AD2119177C9C8B00090305 /* 15.2.ButtonVolver@2x.png in Resources */ = {isa = PBXBuildFile; fileRef = A8AD210F177C9C8A00090305 /* 15.2.ButtonVolver@2x.png */; };
		A8AD211A177C9C8B00090305 /* 15.2.TextArea.png in Resources */ = {isa = PBXBuildFile; fileRef = A8AD2110177C9C8A00090305 /* 15.2.TextArea.png */; };
		A8AD211B177C9C8B00090305 /* 15.2.TextArea@2x.png in Resources */ = {isa = PBXBuildFile; fileRef = A8AD2111177C9C8A00090305 /* 15.2.TextArea@2x.png */; };
		A8AD2121177CAD6300090305 /* 15.1.BG.png in Resources */ = {isa = PBXBuildFile; fileRef = A8AD211D177CAD6300090305 /* 15.1.BG.png */; };
		A8AD2122177CAD6300090305 /* 15.1.BG@2x.png in Resources */ = {isa = PBXBuildFile; fileRef = A8AD211E177CAD6300090305 /* 15.1.BG@2x.png */; };
		A8AD2123177CAD6300090305 /* 15.1.SectionMessage.png in Resources */ = {isa = PBXBuildFile; fileRef = A8AD211F177CAD6300090305 /* 15.1.SectionMessage.png */; };
		A8AD2124177CAD6300090305 /* 15.1.SectionMessage@2x.png in Resources */ = {isa = PBXBuildFile; fileRef = A8AD2120177CAD6300090305 /* 15.1.SectionMessage@2x.png */; };
		A8B40C7617821B020011ADBD /* PicturesEventViewController.m in Sources */ = {isa = PBXBuildFile; fileRef = A8B40C7517821B020011ADBD /* PicturesEventViewController.m */; };
		A8CAB86C177C725C00F3B802 /* 0.BG.png in Resources */ = {isa = PBXBuildFile; fileRef = A8CAB84B177C725C00F3B802 /* 0.BG.png */; };
		A8CAB86D177C725C00F3B802 /* 0.BG@2x.png in Resources */ = {isa = PBXBuildFile; fileRef = A8CAB84C177C725C00F3B802 /* 0.BG@2x.png */; };
		A8CAB86E177C725C00F3B802 /* 0.InputNEGRE.png in Resources */ = {isa = PBXBuildFile; fileRef = A8CAB84D177C725C00F3B802 /* 0.InputNEGRE.png */; };
		A8CAB86F177C725C00F3B802 /* 0.InputNEGRE@2x.png in Resources */ = {isa = PBXBuildFile; fileRef = A8CAB84E177C725C00F3B802 /* 0.InputNEGRE@2x.png */; };
		A8CAB870177C725C00F3B802 /* 1.BG.png in Resources */ = {isa = PBXBuildFile; fileRef = A8CAB850177C725C00F3B802 /* 1.BG.png */; };
		A8CAB871177C725C00F3B802 /* 1.BG@2x.png in Resources */ = {isa = PBXBuildFile; fileRef = A8CAB851177C725C00F3B802 /* 1.BG@2x.png */; };
		A8CAB872177C725C00F3B802 /* 2.1.BG.png in Resources */ = {isa = PBXBuildFile; fileRef = A8CAB853177C725C00F3B802 /* 2.1.BG.png */; };
		A8CAB873177C725C00F3B802 /* 2.1.BG@2x.png in Resources */ = {isa = PBXBuildFile; fileRef = A8CAB854177C725C00F3B802 /* 2.1.BG@2x.png */; };
		A8CAB874177C725C00F3B802 /* 2.1.ButtonAcceder.png in Resources */ = {isa = PBXBuildFile; fileRef = A8CAB855177C725C00F3B802 /* 2.1.ButtonAcceder.png */; };
		A8CAB875177C725C00F3B802 /* 2.1.ButtonAcceder@2x.png in Resources */ = {isa = PBXBuildFile; fileRef = A8CAB856177C725C00F3B802 /* 2.1.ButtonAcceder@2x.png */; };
		A8CAB876177C725C00F3B802 /* 2.1.Contacta.png in Resources */ = {isa = PBXBuildFile; fileRef = A8CAB857177C725C00F3B802 /* 2.1.Contacta.png */; };
		A8CAB877177C725C00F3B802 /* 2.1.Contacta@2x.png in Resources */ = {isa = PBXBuildFile; fileRef = A8CAB858177C725C00F3B802 /* 2.1.Contacta@2x.png */; };
		A8CAB878177C725C00F3B802 /* 0.ButtonOK.png in Resources */ = {isa = PBXBuildFile; fileRef = A8CAB85A177C725C00F3B802 /* 0.ButtonOK.png */; };
		A8CAB879177C725C00F3B802 /* 0.ButtonOK@2x.png in Resources */ = {isa = PBXBuildFile; fileRef = A8CAB85B177C725C00F3B802 /* 0.ButtonOK@2x.png */; };
		A8CAB87A177C725C00F3B802 /* 0.code.png in Resources */ = {isa = PBXBuildFile; fileRef = A8CAB85C177C725C00F3B802 /* 0.code.png */; };
		A8CAB87B177C725C00F3B802 /* 0.code@2x.png in Resources */ = {isa = PBXBuildFile; fileRef = A8CAB85D177C725C00F3B802 /* 0.code@2x.png */; };
		A8CAB87C177C725C00F3B802 /* 0.codeS.png in Resources */ = {isa = PBXBuildFile; fileRef = A8CAB85E177C725C00F3B802 /* 0.codeS.png */; };
		A8CAB87D177C725C00F3B802 /* 0.codeS@2x.png in Resources */ = {isa = PBXBuildFile; fileRef = A8CAB85F177C725C00F3B802 /* 0.codeS@2x.png */; };
		A8CAB87E177C725C00F3B802 /* 0.home.png in Resources */ = {isa = PBXBuildFile; fileRef = A8CAB860177C725C00F3B802 /* 0.home.png */; };
		A8CAB87F177C725C00F3B802 /* 0.home@2x.png in Resources */ = {isa = PBXBuildFile; fileRef = A8CAB861177C725C00F3B802 /* 0.home@2x.png */; };
		A8CAB880177C725C00F3B802 /* 0.homeS.png in Resources */ = {isa = PBXBuildFile; fileRef = A8CAB862177C725C00F3B802 /* 0.homeS.png */; };
		A8CAB881177C725C00F3B802 /* 0.homeS@2x.png in Resources */ = {isa = PBXBuildFile; fileRef = A8CAB863177C725C00F3B802 /* 0.homeS@2x.png */; };
		A8CAB882177C725C00F3B802 /* 0.InputFull.png in Resources */ = {isa = PBXBuildFile; fileRef = A8CAB864177C725C00F3B802 /* 0.InputFull.png */; };
		A8CAB883177C725C00F3B802 /* 0.InputFull@2x.png in Resources */ = {isa = PBXBuildFile; fileRef = A8CAB865177C725C00F3B802 /* 0.InputFull@2x.png */; };
		A8CAB884177C725C00F3B802 /* 0.invite.png in Resources */ = {isa = PBXBuildFile; fileRef = A8CAB866177C725C00F3B802 /* 0.invite.png */; };
		A8CAB885177C725C00F3B802 /* 0.invite@2x.png in Resources */ = {isa = PBXBuildFile; fileRef = A8CAB867177C725C00F3B802 /* 0.invite@2x.png */; };
		A8CAB886177C725C00F3B802 /* 0.message.png in Resources */ = {isa = PBXBuildFile; fileRef = A8CAB868177C725C00F3B802 /* 0.message.png */; };
		A8CAB887177C725C00F3B802 /* 0.message@2x.png in Resources */ = {isa = PBXBuildFile; fileRef = A8CAB869177C725C00F3B802 /* 0.message@2x.png */; };
		A8CAB888177C725C00F3B802 /* 0.notificacion.png in Resources */ = {isa = PBXBuildFile; fileRef = A8CAB86A177C725C00F3B802 /* 0.notificacion.png */; };
		A8CAB889177C725C00F3B802 /* 0.notificacion@2x.png in Resources */ = {isa = PBXBuildFile; fileRef = A8CAB86B177C725C00F3B802 /* 0.notificacion@2x.png */; };
		A8CF88BE177365180051DA64 /* UIKit.framework in Frameworks */ = {isa = PBXBuildFile; fileRef = A8CF88BD177365180051DA64 /* UIKit.framework */; };
		A8CF88C0177365180051DA64 /* Foundation.framework in Frameworks */ = {isa = PBXBuildFile; fileRef = A8CF88BF177365180051DA64 /* Foundation.framework */; };
		A8CF88C2177365180051DA64 /* CoreGraphics.framework in Frameworks */ = {isa = PBXBuildFile; fileRef = A8CF88C1177365180051DA64 /* CoreGraphics.framework */; };
		A8CF88C8177365180051DA64 /* InfoPlist.strings in Resources */ = {isa = PBXBuildFile; fileRef = A8CF88C6177365180051DA64 /* InfoPlist.strings */; };
		A8CF88CA177365180051DA64 /* main.m in Sources */ = {isa = PBXBuildFile; fileRef = A8CF88C9177365180051DA64 /* main.m */; };
		A8CF88CE177365180051DA64 /* AppDelegate.m in Sources */ = {isa = PBXBuildFile; fileRef = A8CF88CD177365180051DA64 /* AppDelegate.m */; };
		A8CF88D0177365180051DA64 /* Default.png in Resources */ = {isa = PBXBuildFile; fileRef = A8CF88CF177365180051DA64 /* Default.png */; };
		A8CF88D2177365180051DA64 /* Default@2x.png in Resources */ = {isa = PBXBuildFile; fileRef = A8CF88D1177365180051DA64 /* Default@2x.png */; };
		A8CF88D4177365190051DA64 /* Default-568h@2x.png in Resources */ = {isa = PBXBuildFile; fileRef = A8CF88D3177365190051DA64 /* Default-568h@2x.png */; };
		A8CF88D7177365190051DA64 /* MainStoryboard.storyboard in Resources */ = {isa = PBXBuildFile; fileRef = A8CF88D5177365190051DA64 /* MainStoryboard.storyboard */; };
		A8CF88DC177365190051DA64 /* first.png in Resources */ = {isa = PBXBuildFile; fileRef = A8CF88DB177365190051DA64 /* first.png */; };
		A8CF88DE177365190051DA64 /* first@2x.png in Resources */ = {isa = PBXBuildFile; fileRef = A8CF88DD177365190051DA64 /* first@2x.png */; };
		A8CF88E3177365190051DA64 /* second.png in Resources */ = {isa = PBXBuildFile; fileRef = A8CF88E2177365190051DA64 /* second.png */; };
		A8CF88E5177365190051DA64 /* second@2x.png in Resources */ = {isa = PBXBuildFile; fileRef = A8CF88E4177365190051DA64 /* second@2x.png */; };
/* End PBXBuildFile section */

/* Begin PBXFileReference section */
		A858609B1782084600F83F6A /* DetailsEventInfoViewController.h */ = {isa = PBXFileReference; fileEncoding = 4; lastKnownFileType = sourcecode.c.h; path = DetailsEventInfoViewController.h; sourceTree = "<group>"; };
		A858609C1782084600F83F6A /* DetailsEventInfoViewController.m */ = {isa = PBXFileReference; fileEncoding = 4; lastKnownFileType = sourcecode.c.objc; path = DetailsEventInfoViewController.m; sourceTree = "<group>"; };
		A85E94EC1781E3E70078F165 /* Images.plist */ = {isa = PBXFileReference; fileEncoding = 4; lastKnownFileType = text.plist.xml; path = Images.plist; sourceTree = "<group>"; };
		A85E94EE1781EBEF0078F165 /* promoterCodeViewController.h */ = {isa = PBXFileReference; fileEncoding = 4; lastKnownFileType = sourcecode.c.h; path = promoterCodeViewController.h; sourceTree = "<group>"; };
		A85E94EF1781EBF00078F165 /* promoterCodeViewController.m */ = {isa = PBXFileReference; fileEncoding = 4; lastKnownFileType = sourcecode.c.objc; path = promoterCodeViewController.m; sourceTree = "<group>"; };
		A85E94F11781EC0A0078F165 /* jsonParser.h */ = {isa = PBXFileReference; fileEncoding = 4; lastKnownFileType = sourcecode.c.h; path = jsonParser.h; sourceTree = "<group>"; };
		A85E94F21781EC0A0078F165 /* jsonParser.m */ = {isa = PBXFileReference; fileEncoding = 4; lastKnownFileType = sourcecode.c.objc; path = jsonParser.m; sourceTree = "<group>"; };
		A85E94F31781EC0A0078F165 /* webServiceCaller.h */ = {isa = PBXFileReference; fileEncoding = 4; lastKnownFileType = sourcecode.c.h; path = webServiceCaller.h; sourceTree = "<group>"; };
		A85E94F41781EC0A0078F165 /* webServiceCaller.m */ = {isa = PBXFileReference; fileEncoding = 4; lastKnownFileType = sourcecode.c.objc; path = webServiceCaller.m; sourceTree = "<group>"; };
		A85E94F81781EC300078F165 /* SBJson.h */ = {isa = PBXFileReference; fileEncoding = 4; lastKnownFileType = sourcecode.c.h; path = SBJson.h; sourceTree = "<group>"; };
		A85E94F91781EC300078F165 /* SBJsonParser.h */ = {isa = PBXFileReference; fileEncoding = 4; lastKnownFileType = sourcecode.c.h; path = SBJsonParser.h; sourceTree = "<group>"; };
		A85E94FA1781EC300078F165 /* SBJsonParser.m */ = {isa = PBXFileReference; fileEncoding = 4; lastKnownFileType = sourcecode.c.objc; path = SBJsonParser.m; sourceTree = "<group>"; };
		A85E94FB1781EC300078F165 /* SBJsonStreamParser.h */ = {isa = PBXFileReference; fileEncoding = 4; lastKnownFileType = sourcecode.c.h; path = SBJsonStreamParser.h; sourceTree = "<group>"; };
		A85E94FC1781EC300078F165 /* SBJsonStreamParser.m */ = {isa = PBXFileReference; fileEncoding = 4; lastKnownFileType = sourcecode.c.objc; path = SBJsonStreamParser.m; sourceTree = "<group>"; };
		A85E94FD1781EC300078F165 /* SBJsonStreamParserAccumulator.h */ = {isa = PBXFileReference; fileEncoding = 4; lastKnownFileType = sourcecode.c.h; path = SBJsonStreamParserAccumulator.h; sourceTree = "<group>"; };
		A85E94FE1781EC300078F165 /* SBJsonStreamParserAccumulator.m */ = {isa = PBXFileReference; fileEncoding = 4; lastKnownFileType = sourcecode.c.objc; path = SBJsonStreamParserAccumulator.m; sourceTree = "<group>"; };
		A85E94FF1781EC300078F165 /* SBJsonStreamParserAdapter.h */ = {isa = PBXFileReference; fileEncoding = 4; lastKnownFileType = sourcecode.c.h; path = SBJsonStreamParserAdapter.h; sourceTree = "<group>"; };
		A85E95001781EC300078F165 /* SBJsonStreamParserAdapter.m */ = {isa = PBXFileReference; fileEncoding = 4; lastKnownFileType = sourcecode.c.objc; path = SBJsonStreamParserAdapter.m; sourceTree = "<group>"; };
		A85E95011781EC300078F165 /* SBJsonStreamParserState.h */ = {isa = PBXFileReference; fileEncoding = 4; lastKnownFileType = sourcecode.c.h; path = SBJsonStreamParserState.h; sourceTree = "<group>"; };
		A85E95021781EC300078F165 /* SBJsonStreamParserState.m */ = {isa = PBXFileReference; fileEncoding = 4; lastKnownFileType = sourcecode.c.objc; path = SBJsonStreamParserState.m; sourceTree = "<group>"; };
		A85E95031781EC300078F165 /* SBJsonStreamTokeniser.h */ = {isa = PBXFileReference; fileEncoding = 4; lastKnownFileType = sourcecode.c.h; path = SBJsonStreamTokeniser.h; sourceTree = "<group>"; };
		A85E95041781EC300078F165 /* SBJsonStreamTokeniser.m */ = {isa = PBXFileReference; fileEncoding = 4; lastKnownFileType = sourcecode.c.objc; path = SBJsonStreamTokeniser.m; sourceTree = "<group>"; };
		A85E95051781EC300078F165 /* SBJsonStreamWriter.h */ = {isa = PBXFileReference; fileEncoding = 4; lastKnownFileType = sourcecode.c.h; path = SBJsonStreamWriter.h; sourceTree = "<group>"; };
		A85E95061781EC300078F165 /* SBJsonStreamWriter.m */ = {isa = PBXFileReference; fileEncoding = 4; lastKnownFileType = sourcecode.c.objc; path = SBJsonStreamWriter.m; sourceTree = "<group>"; };
		A85E95071781EC300078F165 /* SBJsonStreamWriterAccumulator.h */ = {isa = PBXFileReference; fileEncoding = 4; lastKnownFileType = sourcecode.c.h; path = SBJsonStreamWriterAccumulator.h; sourceTree = "<group>"; };
		A85E95081781EC300078F165 /* SBJsonStreamWriterAccumulator.m */ = {isa = PBXFileReference; fileEncoding = 4; lastKnownFileType = sourcecode.c.objc; path = SBJsonStreamWriterAccumulator.m; sourceTree = "<group>"; };
		A85E95091781EC300078F165 /* SBJsonStreamWriterState.h */ = {isa = PBXFileReference; fileEncoding = 4; lastKnownFileType = sourcecode.c.h; path = SBJsonStreamWriterState.h; sourceTree = "<group>"; };
		A85E950A1781EC300078F165 /* SBJsonStreamWriterState.m */ = {isa = PBXFileReference; fileEncoding = 4; lastKnownFileType = sourcecode.c.objc; path = SBJsonStreamWriterState.m; sourceTree = "<group>"; };
		A85E950B1781EC300078F165 /* SBJsonWriter.h */ = {isa = PBXFileReference; fileEncoding = 4; lastKnownFileType = sourcecode.c.h; path = SBJsonWriter.h; sourceTree = "<group>"; };
		A85E950C1781EC300078F165 /* SBJsonWriter.m */ = {isa = PBXFileReference; fileEncoding = 4; lastKnownFileType = sourcecode.c.objc; path = SBJsonWriter.m; sourceTree = "<group>"; };
		A89689841781D197001682B0 /* ControllerCarousel.h */ = {isa = PBXFileReference; fileEncoding = 4; lastKnownFileType = sourcecode.c.h; path = ControllerCarousel.h; sourceTree = "<group>"; };
		A89689851781D197001682B0 /* ControllerCarousel.m */ = {isa = PBXFileReference; fileEncoding = 4; lastKnownFileType = sourcecode.c.objc; path = ControllerCarousel.m; sourceTree = "<group>"; };
		A89D25A7177EDF4600F10202 /* iCarousel.h */ = {isa = PBXFileReference; fileEncoding = 4; lastKnownFileType = sourcecode.c.h; path = iCarousel.h; sourceTree = "<group>"; };
		A89D25A8177EDF4600F10202 /* iCarousel.m */ = {isa = PBXFileReference; fileEncoding = 4; lastKnownFileType = sourcecode.c.objc; path = iCarousel.m; sourceTree = "<group>"; };
		A89D25AA177EDFEF00F10202 /* QuartzCore.framework */ = {isa = PBXFileReference; lastKnownFileType = wrapper.framework; name = QuartzCore.framework; path = System/Library/Frameworks/QuartzCore.framework; sourceTree = SDKROOT; };
		A89D25AC177EE1EB00F10202 /* page.png */ = {isa = PBXFileReference; lastKnownFileType = image.png; path = page.png; sourceTree = "<group>"; };
		A8A27C291773B06000E8CFD1 /* Default.png */ = {isa = PBXFileReference; lastKnownFileType = image.png; path = Default.png; sourceTree = "<group>"; };
		A8A27C2B1773B0B100E8CFD1 /* Default@2x.png */ = {isa = PBXFileReference; lastKnownFileType = image.png; path = "Default@2x.png"; sourceTree = "<group>"; };
		A8A27C2D1773B30C00E8CFD1 /* es */ = {isa = PBXFileReference; lastKnownFileType = file.storyboard; name = es; path = es.lproj/MainStoryboard.storyboard; sourceTree = "<group>"; };
		A8A27C2E1773B30C00E8CFD1 /* es */ = {isa = PBXFileReference; lastKnownFileType = text.plist.strings; name = es; path = es.lproj/InfoPlist.strings; sourceTree = "<group>"; };
		A8A2B034177DFBC000B72A54 /* info.png */ = {isa = PBXFileReference; lastKnownFileType = image.png; path = info.png; sourceTree = "<group>"; };
		A8A2B035177DFBC000B72A54 /* info@2x.png */ = {isa = PBXFileReference; lastKnownFileType = image.png; path = "info@2x.png"; sourceTree = "<group>"; };
		A8A2B036177DFBC000B72A54 /* infoS.png */ = {isa = PBXFileReference; lastKnownFileType = image.png; path = infoS.png; sourceTree = "<group>"; };
		A8A2B037177DFBC000B72A54 /* infoS@2x.png */ = {isa = PBXFileReference; lastKnownFileType = image.png; path = "infoS@2x.png"; sourceTree = "<group>"; };
		A8A2B038177DFBC000B72A54 /* precio.png */ = {isa = PBXFileReference; lastKnownFileType = image.png; path = precio.png; sourceTree = "<group>"; };
		A8A2B039177DFBC000B72A54 /* precio@2x.png */ = {isa = PBXFileReference; lastKnownFileType = image.png; path = "precio@2x.png"; sourceTree = "<group>"; };
		A8A2B03A177DFBC000B72A54 /* precioS.png */ = {isa = PBXFileReference; lastKnownFileType = image.png; path = precioS.png; sourceTree = "<group>"; };
		A8A2B03B177DFBC000B72A54 /* precioS@2x.png */ = {isa = PBXFileReference; lastKnownFileType = image.png; path = "precioS@2x.png"; sourceTree = "<group>"; };
		A8A2B03C177DFBC000B72A54 /* sitio.png */ = {isa = PBXFileReference; lastKnownFileType = image.png; path = sitio.png; sourceTree = "<group>"; };
		A8A2B03D177DFBC000B72A54 /* sitio@2x.png */ = {isa = PBXFileReference; lastKnownFileType = image.png; path = "sitio@2x.png"; sourceTree = "<group>"; };
		A8A2B03E177DFBC000B72A54 /* sitioS.png */ = {isa = PBXFileReference; lastKnownFileType = image.png; path = sitioS.png; sourceTree = "<group>"; };
		A8A2B03F177DFBC000B72A54 /* sitioS@2x.png */ = {isa = PBXFileReference; lastKnownFileType = image.png; path = "sitioS@2x.png"; sourceTree = "<group>"; };
		A8AD205D177C7B5F00090305 /* 2.BG.png */ = {isa = PBXFileReference; lastKnownFileType = image.png; path = 2.BG.png; sourceTree = "<group>"; };
		A8AD205E177C7B5F00090305 /* 2.BG@2x.png */ = {isa = PBXFileReference; lastKnownFileType = image.png; path = "2.BG@2x.png"; sourceTree = "<group>"; };
		A8AD205F177C7B5F00090305 /* 2.ButtonAcceso.png */ = {isa = PBXFileReference; lastKnownFileType = image.png; path = 2.ButtonAcceso.png; sourceTree = "<group>"; };
		A8AD2060177C7B5F00090305 /* 2.ButtonAcceso@2x.png */ = {isa = PBXFileReference; lastKnownFileType = image.png; path = "2.ButtonAcceso@2x.png"; sourceTree = "<group>"; };
		A8AD2073177C7F0F00090305 /* 3.BG.png */ = {isa = PBXFileReference; lastKnownFileType = image.png; path = 3.BG.png; sourceTree = "<group>"; };
		A8AD2074177C7F0F00090305 /* 3.BG@2x.png */ = {isa = PBXFileReference; lastKnownFileType = image.png; path = "3.BG@2x.png"; sourceTree = "<group>"; };
		A8AD2075177C7F0F00090305 /* 3.ButtonProblemas.png */ = {isa = PBXFileReference; lastKnownFileType = image.png; path = 3.ButtonProblemas.png; sourceTree = "<group>"; };
		A8AD2076177C7F0F00090305 /* 3.ButtonProblemas@2x.png */ = {isa = PBXFileReference; lastKnownFileType = image.png; path = "3.ButtonProblemas@2x.png"; sourceTree = "<group>"; };
		A8AD2077177C7F0F00090305 /* 3.ButtonSolicitar.png */ = {isa = PBXFileReference; lastKnownFileType = image.png; path = 3.ButtonSolicitar.png; sourceTree = "<group>"; };
		A8AD2078177C7F0F00090305 /* 3.ButtonSolicitar@2x.png */ = {isa = PBXFileReference; lastKnownFileType = image.png; path = "3.ButtonSolicitar@2x.png"; sourceTree = "<group>"; };
		A8AD207A177C7F0F00090305 /* 4.BG.png */ = {isa = PBXFileReference; lastKnownFileType = image.png; path = 4.BG.png; sourceTree = "<group>"; };
		A8AD207B177C7F0F00090305 /* 4.BG@2x.png */ = {isa = PBXFileReference; lastKnownFileType = image.png; path = "4.BG@2x.png"; sourceTree = "<group>"; };
		A8AD207C177C7F0F00090305 /* 4.Label-PRÓXIMO-EVENTO.png */ = {isa = PBXFileReference; lastKnownFileType = image.png; path = "4.Label-PRÓXIMO-EVENTO.png"; sourceTree = "<group>"; };
		A8AD207D177C7F0F00090305 /* 4.Label-PRÓXIMO-EVENTO@2x.png */ = {isa = PBXFileReference; lastKnownFileType = image.png; path = "4.Label-PRÓXIMO-EVENTO@2x.png"; sourceTree = "<group>"; };
		A8AD2089177C88F200090305 /* 5.BG.png */ = {isa = PBXFileReference; lastKnownFileType = image.png; path = 5.BG.png; sourceTree = "<group>"; };
		A8AD208A177C88F200090305 /* 5.BG@2x.png */ = {isa = PBXFileReference; lastKnownFileType = image.png; path = "5.BG@2x.png"; sourceTree = "<group>"; };
		A8AD208D177C88F200090305 /* 5.ButtonReservarAcceso.png */ = {isa = PBXFileReference; lastKnownFileType = image.png; path = 5.ButtonReservarAcceso.png; sourceTree = "<group>"; };
		A8AD208E177C88F200090305 /* 5.ButtonReservarAcceso@2x.png */ = {isa = PBXFileReference; lastKnownFileType = image.png; path = "5.ButtonReservarAcceso@2x.png"; sourceTree = "<group>"; };
		A8AD20B4177C8CA100090305 /* 9.ACOMPAÑANTES-.png */ = {isa = PBXFileReference; lastKnownFileType = image.png; path = "9.ACOMPAÑANTES-.png"; sourceTree = "<group>"; };
		A8AD20B5177C8CA100090305 /* 9.ACOMPAÑANTES-@2x.png */ = {isa = PBXFileReference; lastKnownFileType = image.png; path = "9.ACOMPAÑANTES-@2x.png"; sourceTree = "<group>"; };
		A8AD20B6177C8CA100090305 /* 9.ButtonOK.png */ = {isa = PBXFileReference; lastKnownFileType = image.png; path = 9.ButtonOK.png; sourceTree = "<group>"; };
		A8AD20B7177C8CA100090305 /* 9.ButtonOK@2x.png */ = {isa = PBXFileReference; lastKnownFileType = image.png; path = "9.ButtonOK@2x.png"; sourceTree = "<group>"; };
		A8AD20B8177C8CA100090305 /* 9.contacto-para-reserva-especial.png */ = {isa = PBXFileReference; lastKnownFileType = image.png; path = "9.contacto-para-reserva-especial.png"; sourceTree = "<group>"; };
		A8AD20B9177C8CA100090305 /* 9.contacto-para-reserva-especial@2x.png */ = {isa = PBXFileReference; lastKnownFileType = image.png; path = "9.contacto-para-reserva-especial@2x.png"; sourceTree = "<group>"; };
		A8AD20BA177C8CA100090305 /* 9.DATOS-RESERVA.png */ = {isa = PBXFileReference; lastKnownFileType = image.png; path = "9.DATOS-RESERVA.png"; sourceTree = "<group>"; };
		A8AD20BB177C8CA100090305 /* 9.DATOS-RESERVA@2x.png */ = {isa = PBXFileReference; lastKnownFileType = image.png; path = "9.DATOS-RESERVA@2x.png"; sourceTree = "<group>"; };
		A8AD20BC177C8CA100090305 /* 9.ESPACIO-VIP-en-cabina.png */ = {isa = PBXFileReference; lastKnownFileType = image.png; path = "9.ESPACIO-VIP-en-cabina.png"; sourceTree = "<group>"; };
		A8AD20BD177C8CA100090305 /* 9.ESPACIO-VIP-en-cabina@2x.png */ = {isa = PBXFileReference; lastKnownFileType = image.png; path = "9.ESPACIO-VIP-en-cabina@2x.png"; sourceTree = "<group>"; };
		A8AD20BE177C8CA100090305 /* 9.flechaDropdown.png */ = {isa = PBXFileReference; lastKnownFileType = image.png; path = 9.flechaDropdown.png; sourceTree = "<group>"; };
		A8AD20BF177C8CA100090305 /* 9.flechaDropdown@2x.png */ = {isa = PBXFileReference; lastKnownFileType = image.png; path = "9.flechaDropdown@2x.png"; sourceTree = "<group>"; };
		A8AD20C0177C8CA100090305 /* 9.grisDropdown.png */ = {isa = PBXFileReference; lastKnownFileType = image.png; path = 9.grisDropdown.png; sourceTree = "<group>"; };
		A8AD20C1177C8CA100090305 /* 9.grisDropdown@2x.png */ = {isa = PBXFileReference; lastKnownFileType = image.png; path = "9.grisDropdown@2x.png"; sourceTree = "<group>"; };
		A8AD20C2177C8CA100090305 /* 9.HABITACIONES-.png */ = {isa = PBXFileReference; lastKnownFileType = image.png; path = "9.HABITACIONES-.png"; sourceTree = "<group>"; };
		A8AD20C3177C8CA100090305 /* 9.HABITACIONES-@2x.png */ = {isa = PBXFileReference; lastKnownFileType = image.png; path = "9.HABITACIONES-@2x.png"; sourceTree = "<group>"; };
		A8AD20D5177C978700090305 /* 13.BG.png */ = {isa = PBXFileReference; lastKnownFileType = image.png; path = 13.BG.png; sourceTree = "<group>"; };
		A8AD20D6177C978700090305 /* 13.BG@2x.png */ = {isa = PBXFileReference; lastKnownFileType = image.png; path = "13.BG@2x.png"; sourceTree = "<group>"; };
		A8AD20D7177C978700090305 /* 13.ButtonAnularReserva.png */ = {isa = PBXFileReference; lastKnownFileType = image.png; path = 13.ButtonAnularReserva.png; sourceTree = "<group>"; };
		A8AD20D8177C978700090305 /* 13.ButtonAnularReserva@2x.png */ = {isa = PBXFileReference; lastKnownFileType = image.png; path = "13.ButtonAnularReserva@2x.png"; sourceTree = "<group>"; };
		A8AD20D9177C978700090305 /* 13.ButtonCambiarReserva.png */ = {isa = PBXFileReference; lastKnownFileType = image.png; path = 13.ButtonCambiarReserva.png; sourceTree = "<group>"; };
		A8AD20DA177C978700090305 /* 13.ButtonCambiarReserva@2x.png */ = {isa = PBXFileReference; lastKnownFileType = image.png; path = "13.ButtonCambiarReserva@2x.png"; sourceTree = "<group>"; };
		A8AD20DB177C978700090305 /* 13.ButtonVerReserva.png */ = {isa = PBXFileReference; lastKnownFileType = image.png; path = 13.ButtonVerReserva.png; sourceTree = "<group>"; };
		A8AD20DC177C978700090305 /* 13.ButtonVerReserva@2x.png */ = {isa = PBXFileReference; lastKnownFileType = image.png; path = "13.ButtonVerReserva@2x.png"; sourceTree = "<group>"; };
		A8AD20DD177C978700090305 /* 13.CODIGO-ENTRADA.png */ = {isa = PBXFileReference; lastKnownFileType = image.png; path = "13.CODIGO-ENTRADA.png"; sourceTree = "<group>"; };
		A8AD20DE177C978700090305 /* 13.CODIGO-ENTRADA@2x.png */ = {isa = PBXFileReference; lastKnownFileType = image.png; path = "13.CODIGO-ENTRADA@2x.png"; sourceTree = "<group>"; };
		A8AD20EA177C98E900090305 /* 0.inviteS.png */ = {isa = PBXFileReference; lastKnownFileType = image.png; path = 0.inviteS.png; sourceTree = "<group>"; };
		A8AD20EB177C98E900090305 /* 0.inviteS@2x.png */ = {isa = PBXFileReference; lastKnownFileType = image.png; path = "0.inviteS@2x.png"; sourceTree = "<group>"; };
		A8AD20EC177C98E900090305 /* 14.BG.png */ = {isa = PBXFileReference; lastKnownFileType = image.png; path = 14.BG.png; sourceTree = "<group>"; };
		A8AD20ED177C98E900090305 /* 14.BG@2x.png */ = {isa = PBXFileReference; lastKnownFileType = image.png; path = "14.BG@2x.png"; sourceTree = "<group>"; };
		A8AD20F3177C9A1E00090305 /* 15.BG.png */ = {isa = PBXFileReference; lastKnownFileType = image.png; path = 15.BG.png; sourceTree = "<group>"; };
		A8AD20F4177C9A1E00090305 /* 15.BG@2x.png */ = {isa = PBXFileReference; lastKnownFileType = image.png; path = "15.BG@2x.png"; sourceTree = "<group>"; };
		A8AD20F5177C9A1E00090305 /* 15.buttonMensaje.png */ = {isa = PBXFileReference; lastKnownFileType = image.png; path = 15.buttonMensaje.png; sourceTree = "<group>"; };
		A8AD20F6177C9A1E00090305 /* 15.buttonMensaje@2x.png */ = {isa = PBXFileReference; lastKnownFileType = image.png; path = "15.buttonMensaje@2x.png"; sourceTree = "<group>"; };
		A8AD20F7177C9A1E00090305 /* 15.buttonTras.png */ = {isa = PBXFileReference; lastKnownFileType = image.png; path = 15.buttonTras.png; sourceTree = "<group>"; };
		A8AD20F8177C9A1E00090305 /* 15.buttonTras@2x.png */ = {isa = PBXFileReference; lastKnownFileType = image.png; path = "15.buttonTras@2x.png"; sourceTree = "<group>"; };
		A8AD20F9177C9A1E00090305 /* 15.de_.png */ = {isa = PBXFileReference; lastKnownFileType = image.png; path = 15.de_.png; sourceTree = "<group>"; };
		A8AD20FA177C9A1E00090305 /* 15.de_@2x.png */ = {isa = PBXFileReference; lastKnownFileType = image.png; path = "15.de_@2x.png"; sourceTree = "<group>"; };
		A8AD20FB177C9A1E00090305 /* 15.MENSAJES.png */ = {isa = PBXFileReference; lastKnownFileType = image.png; path = 15.MENSAJES.png; sourceTree = "<group>"; };
		A8AD20FC177C9A1E00090305 /* 15.MENSAJES@2x.png */ = {isa = PBXFileReference; lastKnownFileType = image.png; path = "15.MENSAJES@2x.png"; sourceTree = "<group>"; };
		A8AD2108177C9C8A00090305 /* 15.2.BG.png */ = {isa = PBXFileReference; lastKnownFileType = image.png; path = 15.2.BG.png; sourceTree = "<group>"; };
		A8AD2109177C9C8A00090305 /* 15.2.BG@2x.png */ = {isa = PBXFileReference; lastKnownFileType = image.png; path = "15.2.BG@2x.png"; sourceTree = "<group>"; };
		A8AD210A177C9C8A00090305 /* 15.2.ButtonDescartar.png */ = {isa = PBXFileReference; lastKnownFileType = image.png; path = 15.2.ButtonDescartar.png; sourceTree = "<group>"; };
		A8AD210B177C9C8A00090305 /* 15.2.ButtonDescartar@2x.png */ = {isa = PBXFileReference; lastKnownFileType = image.png; path = "15.2.ButtonDescartar@2x.png"; sourceTree = "<group>"; };
		A8AD210C177C9C8A00090305 /* 15.2.ButtonEnviar.png */ = {isa = PBXFileReference; lastKnownFileType = image.png; path = 15.2.ButtonEnviar.png; sourceTree = "<group>"; };
		A8AD210D177C9C8A00090305 /* 15.2.ButtonEnviar@2x.png */ = {isa = PBXFileReference; lastKnownFileType = image.png; path = "15.2.ButtonEnviar@2x.png"; sourceTree = "<group>"; };
		A8AD210E177C9C8A00090305 /* 15.2.ButtonVolver.png */ = {isa = PBXFileReference; lastKnownFileType = image.png; path = 15.2.ButtonVolver.png; sourceTree = "<group>"; };
		A8AD210F177C9C8A00090305 /* 15.2.ButtonVolver@2x.png */ = {isa = PBXFileReference; lastKnownFileType = image.png; path = "15.2.ButtonVolver@2x.png"; sourceTree = "<group>"; };
		A8AD2110177C9C8A00090305 /* 15.2.TextArea.png */ = {isa = PBXFileReference; lastKnownFileType = image.png; path = 15.2.TextArea.png; sourceTree = "<group>"; };
		A8AD2111177C9C8A00090305 /* 15.2.TextArea@2x.png */ = {isa = PBXFileReference; lastKnownFileType = image.png; path = "15.2.TextArea@2x.png"; sourceTree = "<group>"; };
		A8AD211D177CAD6300090305 /* 15.1.BG.png */ = {isa = PBXFileReference; lastKnownFileType = image.png; path = 15.1.BG.png; sourceTree = "<group>"; };
		A8AD211E177CAD6300090305 /* 15.1.BG@2x.png */ = {isa = PBXFileReference; lastKnownFileType = image.png; path = "15.1.BG@2x.png"; sourceTree = "<group>"; };
		A8AD211F177CAD6300090305 /* 15.1.SectionMessage.png */ = {isa = PBXFileReference; lastKnownFileType = image.png; path = 15.1.SectionMessage.png; sourceTree = "<group>"; };
		A8AD2120177CAD6300090305 /* 15.1.SectionMessage@2x.png */ = {isa = PBXFileReference; lastKnownFileType = image.png; path = "15.1.SectionMessage@2x.png"; sourceTree = "<group>"; };
		A8B40C7417821B020011ADBD /* PicturesEventViewController.h */ = {isa = PBXFileReference; fileEncoding = 4; lastKnownFileType = sourcecode.c.h; path = PicturesEventViewController.h; sourceTree = "<group>"; };
		A8B40C7517821B020011ADBD /* PicturesEventViewController.m */ = {isa = PBXFileReference; fileEncoding = 4; lastKnownFileType = sourcecode.c.objc; path = PicturesEventViewController.m; sourceTree = "<group>"; };
		A8CAB84B177C725C00F3B802 /* 0.BG.png */ = {isa = PBXFileReference; lastKnownFileType = image.png; path = 0.BG.png; sourceTree = "<group>"; };
		A8CAB84C177C725C00F3B802 /* 0.BG@2x.png */ = {isa = PBXFileReference; lastKnownFileType = image.png; path = "0.BG@2x.png"; sourceTree = "<group>"; };
		A8CAB84D177C725C00F3B802 /* 0.InputNEGRE.png */ = {isa = PBXFileReference; lastKnownFileType = image.png; path = 0.InputNEGRE.png; sourceTree = "<group>"; };
		A8CAB84E177C725C00F3B802 /* 0.InputNEGRE@2x.png */ = {isa = PBXFileReference; lastKnownFileType = image.png; path = "0.InputNEGRE@2x.png"; sourceTree = "<group>"; };
		A8CAB850177C725C00F3B802 /* 1.BG.png */ = {isa = PBXFileReference; lastKnownFileType = image.png; path = 1.BG.png; sourceTree = "<group>"; };
		A8CAB851177C725C00F3B802 /* 1.BG@2x.png */ = {isa = PBXFileReference; lastKnownFileType = image.png; path = "1.BG@2x.png"; sourceTree = "<group>"; };
		A8CAB853177C725C00F3B802 /* 2.1.BG.png */ = {isa = PBXFileReference; lastKnownFileType = image.png; path = 2.1.BG.png; sourceTree = "<group>"; };
		A8CAB854177C725C00F3B802 /* 2.1.BG@2x.png */ = {isa = PBXFileReference; lastKnownFileType = image.png; path = "2.1.BG@2x.png"; sourceTree = "<group>"; };
		A8CAB855177C725C00F3B802 /* 2.1.ButtonAcceder.png */ = {isa = PBXFileReference; lastKnownFileType = image.png; path = 2.1.ButtonAcceder.png; sourceTree = "<group>"; };
		A8CAB856177C725C00F3B802 /* 2.1.ButtonAcceder@2x.png */ = {isa = PBXFileReference; lastKnownFileType = image.png; path = "2.1.ButtonAcceder@2x.png"; sourceTree = "<group>"; };
		A8CAB857177C725C00F3B802 /* 2.1.Contacta.png */ = {isa = PBXFileReference; lastKnownFileType = image.png; path = 2.1.Contacta.png; sourceTree = "<group>"; };
		A8CAB858177C725C00F3B802 /* 2.1.Contacta@2x.png */ = {isa = PBXFileReference; lastKnownFileType = image.png; path = "2.1.Contacta@2x.png"; sourceTree = "<group>"; };
		A8CAB85A177C725C00F3B802 /* 0.ButtonOK.png */ = {isa = PBXFileReference; lastKnownFileType = image.png; path = 0.ButtonOK.png; sourceTree = "<group>"; };
		A8CAB85B177C725C00F3B802 /* 0.ButtonOK@2x.png */ = {isa = PBXFileReference; lastKnownFileType = image.png; path = "0.ButtonOK@2x.png"; sourceTree = "<group>"; };
		A8CAB85C177C725C00F3B802 /* 0.code.png */ = {isa = PBXFileReference; lastKnownFileType = image.png; path = 0.code.png; sourceTree = "<group>"; };
		A8CAB85D177C725C00F3B802 /* 0.code@2x.png */ = {isa = PBXFileReference; lastKnownFileType = image.png; path = "0.code@2x.png"; sourceTree = "<group>"; };
		A8CAB85E177C725C00F3B802 /* 0.codeS.png */ = {isa = PBXFileReference; lastKnownFileType = image.png; path = 0.codeS.png; sourceTree = "<group>"; };
		A8CAB85F177C725C00F3B802 /* 0.codeS@2x.png */ = {isa = PBXFileReference; lastKnownFileType = image.png; path = "0.codeS@2x.png"; sourceTree = "<group>"; };
		A8CAB860177C725C00F3B802 /* 0.home.png */ = {isa = PBXFileReference; lastKnownFileType = image.png; path = 0.home.png; sourceTree = "<group>"; };
		A8CAB861177C725C00F3B802 /* 0.home@2x.png */ = {isa = PBXFileReference; lastKnownFileType = image.png; path = "0.home@2x.png"; sourceTree = "<group>"; };
		A8CAB862177C725C00F3B802 /* 0.homeS.png */ = {isa = PBXFileReference; lastKnownFileType = image.png; path = 0.homeS.png; sourceTree = "<group>"; };
		A8CAB863177C725C00F3B802 /* 0.homeS@2x.png */ = {isa = PBXFileReference; lastKnownFileType = image.png; path = "0.homeS@2x.png"; sourceTree = "<group>"; };
		A8CAB864177C725C00F3B802 /* 0.InputFull.png */ = {isa = PBXFileReference; lastKnownFileType = image.png; path = 0.InputFull.png; sourceTree = "<group>"; };
		A8CAB865177C725C00F3B802 /* 0.InputFull@2x.png */ = {isa = PBXFileReference; lastKnownFileType = image.png; path = "0.InputFull@2x.png"; sourceTree = "<group>"; };
		A8CAB866177C725C00F3B802 /* 0.invite.png */ = {isa = PBXFileReference; lastKnownFileType = image.png; path = 0.invite.png; sourceTree = "<group>"; };
		A8CAB867177C725C00F3B802 /* 0.invite@2x.png */ = {isa = PBXFileReference; lastKnownFileType = image.png; path = "0.invite@2x.png"; sourceTree = "<group>"; };
		A8CAB868177C725C00F3B802 /* 0.message.png */ = {isa = PBXFileReference; lastKnownFileType = image.png; path = 0.message.png; sourceTree = "<group>"; };
		A8CAB869177C725C00F3B802 /* 0.message@2x.png */ = {isa = PBXFileReference; lastKnownFileType = image.png; path = "0.message@2x.png"; sourceTree = "<group>"; };
		A8CAB86A177C725C00F3B802 /* 0.notificacion.png */ = {isa = PBXFileReference; lastKnownFileType = image.png; path = 0.notificacion.png; sourceTree = "<group>"; };
		A8CAB86B177C725C00F3B802 /* 0.notificacion@2x.png */ = {isa = PBXFileReference; lastKnownFileType = image.png; path = "0.notificacion@2x.png"; sourceTree = "<group>"; };
		A8CF88BA177365180051DA64 /* BlackList.app */ = {isa = PBXFileReference; explicitFileType = wrapper.application; includeInIndex = 0; path = BlackList.app; sourceTree = BUILT_PRODUCTS_DIR; };
		A8CF88BD177365180051DA64 /* UIKit.framework */ = {isa = PBXFileReference; lastKnownFileType = wrapper.framework; name = UIKit.framework; path = System/Library/Frameworks/UIKit.framework; sourceTree = SDKROOT; };
		A8CF88BF177365180051DA64 /* Foundation.framework */ = {isa = PBXFileReference; lastKnownFileType = wrapper.framework; name = Foundation.framework; path = System/Library/Frameworks/Foundation.framework; sourceTree = SDKROOT; };
		A8CF88C1177365180051DA64 /* CoreGraphics.framework */ = {isa = PBXFileReference; lastKnownFileType = wrapper.framework; name = CoreGraphics.framework; path = System/Library/Frameworks/CoreGraphics.framework; sourceTree = SDKROOT; };
		A8CF88C5177365180051DA64 /* BlackList-Info.plist */ = {isa = PBXFileReference; lastKnownFileType = text.plist.xml; path = "BlackList-Info.plist"; sourceTree = "<group>"; };
		A8CF88C9177365180051DA64 /* main.m */ = {isa = PBXFileReference; lastKnownFileType = sourcecode.c.objc; path = main.m; sourceTree = "<group>"; };
		A8CF88CB177365180051DA64 /* BlackList-Prefix.pch */ = {isa = PBXFileReference; lastKnownFileType = sourcecode.c.h; path = "BlackList-Prefix.pch"; sourceTree = "<group>"; };
		A8CF88CC177365180051DA64 /* AppDelegate.h */ = {isa = PBXFileReference; lastKnownFileType = sourcecode.c.h; path = AppDelegate.h; sourceTree = "<group>"; };
		A8CF88CD177365180051DA64 /* AppDelegate.m */ = {isa = PBXFileReference; lastKnownFileType = sourcecode.c.objc; path = AppDelegate.m; sourceTree = "<group>"; };
		A8CF88CF177365180051DA64 /* Default.png */ = {isa = PBXFileReference; lastKnownFileType = image.png; path = Default.png; sourceTree = "<group>"; };
		A8CF88D1177365180051DA64 /* Default@2x.png */ = {isa = PBXFileReference; lastKnownFileType = image.png; path = "Default@2x.png"; sourceTree = "<group>"; };
		A8CF88D3177365190051DA64 /* Default-568h@2x.png */ = {isa = PBXFileReference; lastKnownFileType = image.png; path = "Default-568h@2x.png"; sourceTree = "<group>"; };
		A8CF88DB177365190051DA64 /* first.png */ = {isa = PBXFileReference; lastKnownFileType = image.png; path = first.png; sourceTree = "<group>"; };
		A8CF88DD177365190051DA64 /* first@2x.png */ = {isa = PBXFileReference; lastKnownFileType = image.png; path = "first@2x.png"; sourceTree = "<group>"; };
		A8CF88E2177365190051DA64 /* second.png */ = {isa = PBXFileReference; lastKnownFileType = image.png; path = second.png; sourceTree = "<group>"; };
		A8CF88E4177365190051DA64 /* second@2x.png */ = {isa = PBXFileReference; lastKnownFileType = image.png; path = "second@2x.png"; sourceTree = "<group>"; };
/* End PBXFileReference section */

/* Begin PBXFrameworksBuildPhase section */
		A8CF88B7177365180051DA64 /* Frameworks */ = {
			isa = PBXFrameworksBuildPhase;
			buildActionMask = 2147483647;
			files = (
				A89D25AB177EDFEF00F10202 /* QuartzCore.framework in Frameworks */,
				A8CF88BE177365180051DA64 /* UIKit.framework in Frameworks */,
				A8CF88C0177365180051DA64 /* Foundation.framework in Frameworks */,
				A8CF88C2177365180051DA64 /* CoreGraphics.framework in Frameworks */,
			);
			runOnlyForDeploymentPostprocessing = 0;
		};
/* End PBXFrameworksBuildPhase section */

/* Begin PBXGroup section */
		A85E94F71781EC170078F165 /* SBJson */ = {
			isa = PBXGroup;
			children = (
				A85E94F81781EC300078F165 /* SBJson.h */,
				A85E94F91781EC300078F165 /* SBJsonParser.h */,
				A85E94FA1781EC300078F165 /* SBJsonParser.m */,
				A85E94FB1781EC300078F165 /* SBJsonStreamParser.h */,
				A85E94FC1781EC300078F165 /* SBJsonStreamParser.m */,
				A85E94FD1781EC300078F165 /* SBJsonStreamParserAccumulator.h */,
				A85E94FE1781EC300078F165 /* SBJsonStreamParserAccumulator.m */,
				A85E94FF1781EC300078F165 /* SBJsonStreamParserAdapter.h */,
				A85E95001781EC300078F165 /* SBJsonStreamParserAdapter.m */,
				A85E95011781EC300078F165 /* SBJsonStreamParserState.h */,
				A85E95021781EC300078F165 /* SBJsonStreamParserState.m */,
				A85E95031781EC300078F165 /* SBJsonStreamTokeniser.h */,
				A85E95041781EC300078F165 /* SBJsonStreamTokeniser.m */,
				A85E95051781EC300078F165 /* SBJsonStreamWriter.h */,
				A85E95061781EC300078F165 /* SBJsonStreamWriter.m */,
				A85E95071781EC300078F165 /* SBJsonStreamWriterAccumulator.h */,
				A85E95081781EC300078F165 /* SBJsonStreamWriterAccumulator.m */,
				A85E95091781EC300078F165 /* SBJsonStreamWriterState.h */,
				A85E950A1781EC300078F165 /* SBJsonStreamWriterState.m */,
				A85E950B1781EC300078F165 /* SBJsonWriter.h */,
				A85E950C1781EC300078F165 /* SBJsonWriter.m */,
			);
			name = SBJson;
			sourceTree = "<group>";
		};
		A89D25A6177EDF4600F10202 /* iCarousel */ = {
			isa = PBXGroup;
			children = (
				A89D25A7177EDF4600F10202 /* iCarousel.h */,
				A89D25A8177EDF4600F10202 /* iCarousel.m */,
			);
			path = iCarousel;
			sourceTree = "<group>";
		};
		A89D25AE177EE46000F10202 /* Model */ = {
			isa = PBXGroup;
			children = (
			);
			name = Model;
			sourceTree = "<group>";
		};
		A89D25AF177EE46700F10202 /* Vista */ = {
			isa = PBXGroup;
			children = (
			);
			name = Vista;
			sourceTree = "<group>";
		};
		A89D25B0177EE46C00F10202 /* Controlador */ = {
			isa = PBXGroup;
			children = (
				A85E94F11781EC0A0078F165 /* jsonParser.h */,
				A85E94F21781EC0A0078F165 /* jsonParser.m */,
				A85E94F31781EC0A0078F165 /* webServiceCaller.h */,
				A85E94F41781EC0A0078F165 /* webServiceCaller.m */,
				A85E94EE1781EBEF0078F165 /* promoterCodeViewController.h */,
				A85E94EF1781EBF00078F165 /* promoterCodeViewController.m */,
				A89689841781D197001682B0 /* ControllerCarousel.h */,
				A89689851781D197001682B0 /* ControllerCarousel.m */,
				A858609B1782084600F83F6A /* DetailsEventInfoViewController.h */,
				A858609C1782084600F83F6A /* DetailsEventInfoViewController.m */,
				A8B40C7417821B020011ADBD /* PicturesEventViewController.h */,
				A8B40C7517821B020011ADBD /* PicturesEventViewController.m */,
			);
			name = Controlador;
			sourceTree = "<group>";
		};
		A89FFA221778B62600391A44 /* Images */ = {
			isa = PBXGroup;
			children = (
				A89D25AC177EE1EB00F10202 /* page.png */,
				A8AD211C177CAD6300090305 /* 15.1.MENSAJES INTERIOR */,
				A8AD2107177C9C8A00090305 /* 15.3.ESCRIBIR MENSAJE2 */,
				A8AD20F2177C9A1E00090305 /* 15.MENSAJES OK */,
				A8AD20E9177C98E900090305 /* 14.INVITADOS */,
				A8AD20D4177C978700090305 /* 13.CODIGO ENTRADAqr */,
				A8AD20B3177C8CA100090305 /* 9.RESERVAR */,
				A8AD2088177C88F200090305 /* 5.EVENTO IN */,
				A8AD2072177C7F0F00090305 /* 3.LOG IN FINALdatos */,
				A8AD2079177C7F0F00090305 /* 4.INTRO */,
				A8AD205C177C7B5F00090305 /* 2.COMPLETARlink */,
				A8CAB84A177C725C00F3B802 /* 0. Intro */,
				A8CAB84F177C725C00F3B802 /* 1.- Log In */,
				A8CAB852177C725C00F3B802 /* 2.1 Mail Canvi Text */,
				A8CAB859177C725C00F3B802 /* Global */,
			);
			name = Images;
			sourceTree = "<group>";
		};
		A8AD205C177C7B5F00090305 /* 2.COMPLETARlink */ = {
			isa = PBXGroup;
			children = (
				A8AD205D177C7B5F00090305 /* 2.BG.png */,
				A8AD205E177C7B5F00090305 /* 2.BG@2x.png */,
				A8AD205F177C7B5F00090305 /* 2.ButtonAcceso.png */,
				A8AD2060177C7B5F00090305 /* 2.ButtonAcceso@2x.png */,
			);
			path = 2.COMPLETARlink;
			sourceTree = "<group>";
		};
		A8AD2072177C7F0F00090305 /* 3.LOG IN FINALdatos */ = {
			isa = PBXGroup;
			children = (
				A8AD2073177C7F0F00090305 /* 3.BG.png */,
				A8AD2074177C7F0F00090305 /* 3.BG@2x.png */,
				A8AD2075177C7F0F00090305 /* 3.ButtonProblemas.png */,
				A8AD2076177C7F0F00090305 /* 3.ButtonProblemas@2x.png */,
				A8AD2077177C7F0F00090305 /* 3.ButtonSolicitar.png */,
				A8AD2078177C7F0F00090305 /* 3.ButtonSolicitar@2x.png */,
			);
			path = "3.LOG IN FINALdatos";
			sourceTree = "<group>";
		};
		A8AD2079177C7F0F00090305 /* 4.INTRO */ = {
			isa = PBXGroup;
			children = (
				A8AD207A177C7F0F00090305 /* 4.BG.png */,
				A8AD207B177C7F0F00090305 /* 4.BG@2x.png */,
				A8AD207C177C7F0F00090305 /* 4.Label-PRÓXIMO-EVENTO.png */,
				A8AD207D177C7F0F00090305 /* 4.Label-PRÓXIMO-EVENTO@2x.png */,
			);
			path = 4.INTRO;
			sourceTree = "<group>";
		};
		A8AD2088177C88F200090305 /* 5.EVENTO IN */ = {
			isa = PBXGroup;
			children = (
				A8A2B034177DFBC000B72A54 /* info.png */,
				A8A2B035177DFBC000B72A54 /* info@2x.png */,
				A8A2B036177DFBC000B72A54 /* infoS.png */,
				A8A2B037177DFBC000B72A54 /* infoS@2x.png */,
				A8A2B038177DFBC000B72A54 /* precio.png */,
				A8A2B039177DFBC000B72A54 /* precio@2x.png */,
				A8A2B03A177DFBC000B72A54 /* precioS.png */,
				A8A2B03B177DFBC000B72A54 /* precioS@2x.png */,
				A8A2B03C177DFBC000B72A54 /* sitio.png */,
				A8A2B03D177DFBC000B72A54 /* sitio@2x.png */,
				A8A2B03E177DFBC000B72A54 /* sitioS.png */,
				A8A2B03F177DFBC000B72A54 /* sitioS@2x.png */,
				A8AD2089177C88F200090305 /* 5.BG.png */,
				A8AD208A177C88F200090305 /* 5.BG@2x.png */,
				A8AD208D177C88F200090305 /* 5.ButtonReservarAcceso.png */,
				A8AD208E177C88F200090305 /* 5.ButtonReservarAcceso@2x.png */,
				A8AD2099177C88F200090305 /* 6.EVENTO IN SITIO */,
				A8AD209E177C88F200090305 /* 7.EVENTO IN SITIO COUNTDOWN */,
			);
			path = "5.EVENTO IN";
			sourceTree = "<group>";
		};
		A8AD2099177C88F200090305 /* 6.EVENTO IN SITIO */ = {
			isa = PBXGroup;
			children = (
			);
			path = "6.EVENTO IN SITIO";
			sourceTree = "<group>";
		};
		A8AD209E177C88F200090305 /* 7.EVENTO IN SITIO COUNTDOWN */ = {
			isa = PBXGroup;
			children = (
			);
			path = "7.EVENTO IN SITIO COUNTDOWN";
			sourceTree = "<group>";
		};
		A8AD20B3177C8CA100090305 /* 9.RESERVAR */ = {
			isa = PBXGroup;
			children = (
				A8AD20B4177C8CA100090305 /* 9.ACOMPAÑANTES-.png */,
				A8AD20B5177C8CA100090305 /* 9.ACOMPAÑANTES-@2x.png */,
				A8AD20B6177C8CA100090305 /* 9.ButtonOK.png */,
				A8AD20B7177C8CA100090305 /* 9.ButtonOK@2x.png */,
				A8AD20B8177C8CA100090305 /* 9.contacto-para-reserva-especial.png */,
				A8AD20B9177C8CA100090305 /* 9.contacto-para-reserva-especial@2x.png */,
				A8AD20BA177C8CA100090305 /* 9.DATOS-RESERVA.png */,
				A8AD20BB177C8CA100090305 /* 9.DATOS-RESERVA@2x.png */,
				A8AD20BC177C8CA100090305 /* 9.ESPACIO-VIP-en-cabina.png */,
				A8AD20BD177C8CA100090305 /* 9.ESPACIO-VIP-en-cabina@2x.png */,
				A8AD20BE177C8CA100090305 /* 9.flechaDropdown.png */,
				A8AD20BF177C8CA100090305 /* 9.flechaDropdown@2x.png */,
				A8AD20C0177C8CA100090305 /* 9.grisDropdown.png */,
				A8AD20C1177C8CA100090305 /* 9.grisDropdown@2x.png */,
				A8AD20C2177C8CA100090305 /* 9.HABITACIONES-.png */,
				A8AD20C3177C8CA100090305 /* 9.HABITACIONES-@2x.png */,
			);
			name = 9.RESERVAR;
			path = "5.EVENTO IN/9.RESERVAR";
			sourceTree = "<group>";
		};
		A8AD20D4177C978700090305 /* 13.CODIGO ENTRADAqr */ = {
			isa = PBXGroup;
			children = (
				A8AD20D5177C978700090305 /* 13.BG.png */,
				A8AD20D6177C978700090305 /* 13.BG@2x.png */,
				A8AD20D7177C978700090305 /* 13.ButtonAnularReserva.png */,
				A8AD20D8177C978700090305 /* 13.ButtonAnularReserva@2x.png */,
				A8AD20D9177C978700090305 /* 13.ButtonCambiarReserva.png */,
				A8AD20DA177C978700090305 /* 13.ButtonCambiarReserva@2x.png */,
				A8AD20DB177C978700090305 /* 13.ButtonVerReserva.png */,
				A8AD20DC177C978700090305 /* 13.ButtonVerReserva@2x.png */,
				A8AD20DD177C978700090305 /* 13.CODIGO-ENTRADA.png */,
				A8AD20DE177C978700090305 /* 13.CODIGO-ENTRADA@2x.png */,
			);
			path = "13.CODIGO ENTRADAqr";
			sourceTree = "<group>";
		};
		A8AD20E9177C98E900090305 /* 14.INVITADOS */ = {
			isa = PBXGroup;
			children = (
				A8AD20EA177C98E900090305 /* 0.inviteS.png */,
				A8AD20EB177C98E900090305 /* 0.inviteS@2x.png */,
				A8AD20EC177C98E900090305 /* 14.BG.png */,
				A8AD20ED177C98E900090305 /* 14.BG@2x.png */,
			);
			path = 14.INVITADOS;
			sourceTree = "<group>";
		};
		A8AD20F2177C9A1E00090305 /* 15.MENSAJES OK */ = {
			isa = PBXGroup;
			children = (
				A8AD20F3177C9A1E00090305 /* 15.BG.png */,
				A8AD20F4177C9A1E00090305 /* 15.BG@2x.png */,
				A8AD20F5177C9A1E00090305 /* 15.buttonMensaje.png */,
				A8AD20F6177C9A1E00090305 /* 15.buttonMensaje@2x.png */,
				A8AD20F7177C9A1E00090305 /* 15.buttonTras.png */,
				A8AD20F8177C9A1E00090305 /* 15.buttonTras@2x.png */,
				A8AD20F9177C9A1E00090305 /* 15.de_.png */,
				A8AD20FA177C9A1E00090305 /* 15.de_@2x.png */,
				A8AD20FB177C9A1E00090305 /* 15.MENSAJES.png */,
				A8AD20FC177C9A1E00090305 /* 15.MENSAJES@2x.png */,
			);
			path = "15.MENSAJES OK";
			sourceTree = "<group>";
		};
		A8AD2107177C9C8A00090305 /* 15.3.ESCRIBIR MENSAJE2 */ = {
			isa = PBXGroup;
			children = (
				A8AD2108177C9C8A00090305 /* 15.2.BG.png */,
				A8AD2109177C9C8A00090305 /* 15.2.BG@2x.png */,
				A8AD210A177C9C8A00090305 /* 15.2.ButtonDescartar.png */,
				A8AD210B177C9C8A00090305 /* 15.2.ButtonDescartar@2x.png */,
				A8AD210C177C9C8A00090305 /* 15.2.ButtonEnviar.png */,
				A8AD210D177C9C8A00090305 /* 15.2.ButtonEnviar@2x.png */,
				A8AD210E177C9C8A00090305 /* 15.2.ButtonVolver.png */,
				A8AD210F177C9C8A00090305 /* 15.2.ButtonVolver@2x.png */,
				A8AD2110177C9C8A00090305 /* 15.2.TextArea.png */,
				A8AD2111177C9C8A00090305 /* 15.2.TextArea@2x.png */,
			);
			path = "15.3.ESCRIBIR MENSAJE2";
			sourceTree = "<group>";
		};
		A8AD211C177CAD6300090305 /* 15.1.MENSAJES INTERIOR */ = {
			isa = PBXGroup;
			children = (
				A8AD211D177CAD6300090305 /* 15.1.BG.png */,
				A8AD211E177CAD6300090305 /* 15.1.BG@2x.png */,
				A8AD211F177CAD6300090305 /* 15.1.SectionMessage.png */,
				A8AD2120177CAD6300090305 /* 15.1.SectionMessage@2x.png */,
			);
			path = "15.1.MENSAJES INTERIOR";
			sourceTree = "<group>";
		};
		A8CAB84A177C725C00F3B802 /* 0. Intro */ = {
			isa = PBXGroup;
			children = (
				A8CAB84B177C725C00F3B802 /* 0.BG.png */,
				A8CAB84C177C725C00F3B802 /* 0.BG@2x.png */,
				A8CAB84D177C725C00F3B802 /* 0.InputNEGRE.png */,
				A8CAB84E177C725C00F3B802 /* 0.InputNEGRE@2x.png */,
			);
			path = "0. Intro";
			sourceTree = "<group>";
		};
		A8CAB84F177C725C00F3B802 /* 1.- Log In */ = {
			isa = PBXGroup;
			children = (
				A8CAB850177C725C00F3B802 /* 1.BG.png */,
				A8CAB851177C725C00F3B802 /* 1.BG@2x.png */,
			);
			path = "1.- Log In";
			sourceTree = "<group>";
		};
		A8CAB852177C725C00F3B802 /* 2.1 Mail Canvi Text */ = {
			isa = PBXGroup;
			children = (
				A8CAB853177C725C00F3B802 /* 2.1.BG.png */,
				A8CAB854177C725C00F3B802 /* 2.1.BG@2x.png */,
				A8CAB855177C725C00F3B802 /* 2.1.ButtonAcceder.png */,
				A8CAB856177C725C00F3B802 /* 2.1.ButtonAcceder@2x.png */,
				A8CAB857177C725C00F3B802 /* 2.1.Contacta.png */,
				A8CAB858177C725C00F3B802 /* 2.1.Contacta@2x.png */,
			);
			path = "2.1 Mail Canvi Text";
			sourceTree = "<group>";
		};
		A8CAB859177C725C00F3B802 /* Global */ = {
			isa = PBXGroup;
			children = (
				A8CAB85A177C725C00F3B802 /* 0.ButtonOK.png */,
				A8CAB85B177C725C00F3B802 /* 0.ButtonOK@2x.png */,
				A8CAB85C177C725C00F3B802 /* 0.code.png */,
				A8CAB85D177C725C00F3B802 /* 0.code@2x.png */,
				A8CAB85E177C725C00F3B802 /* 0.codeS.png */,
				A8CAB85F177C725C00F3B802 /* 0.codeS@2x.png */,
				A8CAB860177C725C00F3B802 /* 0.home.png */,
				A8CAB861177C725C00F3B802 /* 0.home@2x.png */,
				A8CAB862177C725C00F3B802 /* 0.homeS.png */,
				A8CAB863177C725C00F3B802 /* 0.homeS@2x.png */,
				A8CAB864177C725C00F3B802 /* 0.InputFull.png */,
				A8CAB865177C725C00F3B802 /* 0.InputFull@2x.png */,
				A8CAB866177C725C00F3B802 /* 0.invite.png */,
				A8CAB867177C725C00F3B802 /* 0.invite@2x.png */,
				A8CAB868177C725C00F3B802 /* 0.message.png */,
				A8CAB869177C725C00F3B802 /* 0.message@2x.png */,
				A8CAB86A177C725C00F3B802 /* 0.notificacion.png */,
				A8CAB86B177C725C00F3B802 /* 0.notificacion@2x.png */,
			);
			path = Global;
			sourceTree = "<group>";
		};
		A8CF88B1177365180051DA64 = {
			isa = PBXGroup;
			children = (
				A8A27C2B1773B0B100E8CFD1 /* Default@2x.png */,
				A8A27C291773B06000E8CFD1 /* Default.png */,
				A8CF88C3177365180051DA64 /* BlackList */,
				A8CF88BC177365180051DA64 /* Frameworks */,
				A8CF88BB177365180051DA64 /* Products */,
			);
			sourceTree = "<group>";
		};
		A8CF88BB177365180051DA64 /* Products */ = {
			isa = PBXGroup;
			children = (
				A8CF88BA177365180051DA64 /* BlackList.app */,
			);
			name = Products;
			sourceTree = "<group>";
		};
		A8CF88BC177365180051DA64 /* Frameworks */ = {
			isa = PBXGroup;
			children = (
				A89D25AA177EDFEF00F10202 /* QuartzCore.framework */,
				A8CF88BD177365180051DA64 /* UIKit.framework */,
				A8CF88BF177365180051DA64 /* Foundation.framework */,
				A8CF88C1177365180051DA64 /* CoreGraphics.framework */,
			);
			name = Frameworks;
			sourceTree = "<group>";
		};
		A8CF88C3177365180051DA64 /* BlackList */ = {
			isa = PBXGroup;
			children = (
				A85E94F71781EC170078F165 /* SBJson */,
				A89D25B0177EE46C00F10202 /* Controlador */,
				A89D25AF177EE46700F10202 /* Vista */,
				A89D25AE177EE46000F10202 /* Model */,
				A89D25A6177EDF4600F10202 /* iCarousel */,
				A89FFA221778B62600391A44 /* Images */,
				A8CF88CC177365180051DA64 /* AppDelegate.h */,
				A8CF88CD177365180051DA64 /* AppDelegate.m */,
				A8CF88D5177365190051DA64 /* MainStoryboard.storyboard */,
				A8CF88DB177365190051DA64 /* first.png */,
				A8CF88DD177365190051DA64 /* first@2x.png */,
				A8CF88E2177365190051DA64 /* second.png */,
				A8CF88E4177365190051DA64 /* second@2x.png */,
				A8CF88C4177365180051DA64 /* Supporting Files */,
			);
			path = BlackList;
			sourceTree = "<group>";
		};
		A8CF88C4177365180051DA64 /* Supporting Files */ = {
			isa = PBXGroup;
			children = (
				A85E94EC1781E3E70078F165 /* Images.plist */,
				A8CF88C5177365180051DA64 /* BlackList-Info.plist */,
				A8CF88C6177365180051DA64 /* InfoPlist.strings */,
				A8CF88C9177365180051DA64 /* main.m */,
				A8CF88CB177365180051DA64 /* BlackList-Prefix.pch */,
				A8CF88CF177365180051DA64 /* Default.png */,
				A8CF88D1177365180051DA64 /* Default@2x.png */,
				A8CF88D3177365190051DA64 /* Default-568h@2x.png */,
			);
			name = "Supporting Files";
			sourceTree = "<group>";
		};
/* End PBXGroup section */

/* Begin PBXNativeTarget section */
		A8CF88B9177365180051DA64 /* BlackList */ = {
			isa = PBXNativeTarget;
			buildConfigurationList = A8CF88E8177365190051DA64 /* Build configuration list for PBXNativeTarget "BlackList" */;
			buildPhases = (
				A8CF88B6177365180051DA64 /* Sources */,
				A8CF88B7177365180051DA64 /* Frameworks */,
				A8CF88B8177365180051DA64 /* Resources */,
			);
			buildRules = (
			);
			dependencies = (
			);
			name = BlackList;
			productName = BlackList;
			productReference = A8CF88BA177365180051DA64 /* BlackList.app */;
			productType = "com.apple.product-type.application";
		};
/* End PBXNativeTarget section */

/* Begin PBXProject section */
		A8CF88B2177365180051DA64 /* Project object */ = {
			isa = PBXProject;
			attributes = {
				LastUpgradeCheck = 0460;
				ORGANIZATIONNAME = AndreuRM;
			};
			buildConfigurationList = A8CF88B5177365180051DA64 /* Build configuration list for PBXProject "BlackList" */;
			compatibilityVersion = "Xcode 3.2";
			developmentRegion = English;
			hasScannedForEncodings = 0;
			knownRegions = (
				en,
				es,
			);
			mainGroup = A8CF88B1177365180051DA64;
			productRefGroup = A8CF88BB177365180051DA64 /* Products */;
			projectDirPath = "";
			projectRoot = "";
			targets = (
				A8CF88B9177365180051DA64 /* BlackList */,
			);
		};
/* End PBXProject section */

/* Begin PBXResourcesBuildPhase section */
		A8CF88B8177365180051DA64 /* Resources */ = {
			isa = PBXResourcesBuildPhase;
			buildActionMask = 2147483647;
			files = (
				A8CF88C8177365180051DA64 /* InfoPlist.strings in Resources */,
				A8CF88D0177365180051DA64 /* Default.png in Resources */,
				A8CF88D2177365180051DA64 /* Default@2x.png in Resources */,
				A8CF88D4177365190051DA64 /* Default-568h@2x.png in Resources */,
				A8CF88D7177365190051DA64 /* MainStoryboard.storyboard in Resources */,
				A8CF88DC177365190051DA64 /* first.png in Resources */,
				A8CF88DE177365190051DA64 /* first@2x.png in Resources */,
				A8CF88E3177365190051DA64 /* second.png in Resources */,
				A8CF88E5177365190051DA64 /* second@2x.png in Resources */,
				A8A27C2A1773B06000E8CFD1 /* Default.png in Resources */,
				A8A27C2C1773B0B100E8CFD1 /* Default@2x.png in Resources */,
				A8CAB86C177C725C00F3B802 /* 0.BG.png in Resources */,
				A8CAB86D177C725C00F3B802 /* 0.BG@2x.png in Resources */,
				A8CAB86E177C725C00F3B802 /* 0.InputNEGRE.png in Resources */,
				A8CAB86F177C725C00F3B802 /* 0.InputNEGRE@2x.png in Resources */,
				A8CAB870177C725C00F3B802 /* 1.BG.png in Resources */,
				A8CAB871177C725C00F3B802 /* 1.BG@2x.png in Resources */,
				A8CAB872177C725C00F3B802 /* 2.1.BG.png in Resources */,
				A8CAB873177C725C00F3B802 /* 2.1.BG@2x.png in Resources */,
				A8CAB874177C725C00F3B802 /* 2.1.ButtonAcceder.png in Resources */,
				A8CAB875177C725C00F3B802 /* 2.1.ButtonAcceder@2x.png in Resources */,
				A8CAB876177C725C00F3B802 /* 2.1.Contacta.png in Resources */,
				A8CAB877177C725C00F3B802 /* 2.1.Contacta@2x.png in Resources */,
				A8CAB878177C725C00F3B802 /* 0.ButtonOK.png in Resources */,
				A8CAB879177C725C00F3B802 /* 0.ButtonOK@2x.png in Resources */,
				A8CAB87A177C725C00F3B802 /* 0.code.png in Resources */,
				A8CAB87B177C725C00F3B802 /* 0.code@2x.png in Resources */,
				A8CAB87C177C725C00F3B802 /* 0.codeS.png in Resources */,
				A8CAB87D177C725C00F3B802 /* 0.codeS@2x.png in Resources */,
				A8CAB87E177C725C00F3B802 /* 0.home.png in Resources */,
				A8CAB87F177C725C00F3B802 /* 0.home@2x.png in Resources */,
				A8CAB880177C725C00F3B802 /* 0.homeS.png in Resources */,
				A8CAB881177C725C00F3B802 /* 0.homeS@2x.png in Resources */,
				A8CAB882177C725C00F3B802 /* 0.InputFull.png in Resources */,
				A8CAB883177C725C00F3B802 /* 0.InputFull@2x.png in Resources */,
				A8CAB884177C725C00F3B802 /* 0.invite.png in Resources */,
				A8CAB885177C725C00F3B802 /* 0.invite@2x.png in Resources */,
				A8CAB886177C725C00F3B802 /* 0.message.png in Resources */,
				A8CAB887177C725C00F3B802 /* 0.message@2x.png in Resources */,
				A8CAB888177C725C00F3B802 /* 0.notificacion.png in Resources */,
				A8CAB889177C725C00F3B802 /* 0.notificacion@2x.png in Resources */,
				A8AD2061177C7B5F00090305 /* 2.BG.png in Resources */,
				A8AD2062177C7B5F00090305 /* 2.BG@2x.png in Resources */,
				A8AD2063177C7B5F00090305 /* 2.ButtonAcceso.png in Resources */,
				A8AD2064177C7B5F00090305 /* 2.ButtonAcceso@2x.png in Resources */,
				A8AD207E177C7F0F00090305 /* 3.BG.png in Resources */,
				A8AD207F177C7F0F00090305 /* 3.BG@2x.png in Resources */,
				A8AD2080177C7F0F00090305 /* 3.ButtonProblemas.png in Resources */,
				A8AD2081177C7F0F00090305 /* 3.ButtonProblemas@2x.png in Resources */,
				A8AD2082177C7F0F00090305 /* 3.ButtonSolicitar.png in Resources */,
				A8AD2083177C7F0F00090305 /* 3.ButtonSolicitar@2x.png in Resources */,
				A8AD2084177C7F0F00090305 /* 4.BG.png in Resources */,
				A8AD2085177C7F0F00090305 /* 4.BG@2x.png in Resources */,
				A8AD2086177C7F0F00090305 /* 4.Label-PRÓXIMO-EVENTO.png in Resources */,
				A8AD2087177C7F0F00090305 /* 4.Label-PRÓXIMO-EVENTO@2x.png in Resources */,
				A8AD209F177C88F200090305 /* 5.BG.png in Resources */,
				A8AD20A0177C88F200090305 /* 5.BG@2x.png in Resources */,
				A8AD20A3177C88F200090305 /* 5.ButtonReservarAcceso.png in Resources */,
				A8AD20A4177C88F200090305 /* 5.ButtonReservarAcceso@2x.png in Resources */,
				A8AD20C4177C8CA100090305 /* 9.ACOMPAÑANTES-.png in Resources */,
				A8AD20C5177C8CA100090305 /* 9.ACOMPAÑANTES-@2x.png in Resources */,
				A8AD20C6177C8CA100090305 /* 9.ButtonOK.png in Resources */,
				A8AD20C7177C8CA100090305 /* 9.ButtonOK@2x.png in Resources */,
				A8AD20C8177C8CA100090305 /* 9.contacto-para-reserva-especial.png in Resources */,
				A8AD20C9177C8CA100090305 /* 9.contacto-para-reserva-especial@2x.png in Resources */,
				A8AD20CA177C8CA100090305 /* 9.DATOS-RESERVA.png in Resources */,
				A8AD20CB177C8CA100090305 /* 9.DATOS-RESERVA@2x.png in Resources */,
				A8AD20CC177C8CA100090305 /* 9.ESPACIO-VIP-en-cabina.png in Resources */,
				A8AD20CD177C8CA100090305 /* 9.ESPACIO-VIP-en-cabina@2x.png in Resources */,
				A8AD20CE177C8CA100090305 /* 9.flechaDropdown.png in Resources */,
				A8AD20CF177C8CA100090305 /* 9.flechaDropdown@2x.png in Resources */,
				A8AD20D0177C8CA100090305 /* 9.grisDropdown.png in Resources */,
				A8AD20D1177C8CA100090305 /* 9.grisDropdown@2x.png in Resources */,
				A8AD20D2177C8CA100090305 /* 9.HABITACIONES-.png in Resources */,
				A8AD20D3177C8CA100090305 /* 9.HABITACIONES-@2x.png in Resources */,
				A8AD20DF177C978700090305 /* 13.BG.png in Resources */,
				A8AD20E0177C978700090305 /* 13.BG@2x.png in Resources */,
				A8AD20E1177C978700090305 /* 13.ButtonAnularReserva.png in Resources */,
				A8AD20E2177C978700090305 /* 13.ButtonAnularReserva@2x.png in Resources */,
				A8AD20E3177C978700090305 /* 13.ButtonCambiarReserva.png in Resources */,
				A8AD20E4177C978700090305 /* 13.ButtonCambiarReserva@2x.png in Resources */,
				A8AD20E5177C978700090305 /* 13.ButtonVerReserva.png in Resources */,
				A8AD20E6177C978700090305 /* 13.ButtonVerReserva@2x.png in Resources */,
				A8AD20E7177C978700090305 /* 13.CODIGO-ENTRADA.png in Resources */,
				A8AD20E8177C978700090305 /* 13.CODIGO-ENTRADA@2x.png in Resources */,
				A8AD20EE177C98E900090305 /* 0.inviteS.png in Resources */,
				A8AD20EF177C98E900090305 /* 0.inviteS@2x.png in Resources */,
				A8AD20F0177C98E900090305 /* 14.BG.png in Resources */,
				A8AD20F1177C98E900090305 /* 14.BG@2x.png in Resources */,
				A8AD20FD177C9A1E00090305 /* 15.BG.png in Resources */,
				A8AD20FE177C9A1E00090305 /* 15.BG@2x.png in Resources */,
				A8AD20FF177C9A1E00090305 /* 15.buttonMensaje.png in Resources */,
				A8AD2100177C9A1E00090305 /* 15.buttonMensaje@2x.png in Resources */,
				A8AD2101177C9A1E00090305 /* 15.buttonTras.png in Resources */,
				A8AD2102177C9A1E00090305 /* 15.buttonTras@2x.png in Resources */,
				A8AD2103177C9A1E00090305 /* 15.de_.png in Resources */,
				A8AD2104177C9A1E00090305 /* 15.de_@2x.png in Resources */,
				A8AD2105177C9A1E00090305 /* 15.MENSAJES.png in Resources */,
				A8AD2106177C9A1E00090305 /* 15.MENSAJES@2x.png in Resources */,
				A8AD2112177C9C8A00090305 /* 15.2.BG.png in Resources */,
				A8AD2113177C9C8B00090305 /* 15.2.BG@2x.png in Resources */,
				A8AD2114177C9C8B00090305 /* 15.2.ButtonDescartar.png in Resources */,
				A8AD2115177C9C8B00090305 /* 15.2.ButtonDescartar@2x.png in Resources */,
				A8AD2116177C9C8B00090305 /* 15.2.ButtonEnviar.png in Resources */,
				A8AD2117177C9C8B00090305 /* 15.2.ButtonEnviar@2x.png in Resources */,
				A8AD2118177C9C8B00090305 /* 15.2.ButtonVolver.png in Resources */,
				A8AD2119177C9C8B00090305 /* 15.2.ButtonVolver@2x.png in Resources */,
				A8AD211A177C9C8B00090305 /* 15.2.TextArea.png in Resources */,
				A8AD211B177C9C8B00090305 /* 15.2.TextArea@2x.png in Resources */,
				A8AD2121177CAD6300090305 /* 15.1.BG.png in Resources */,
				A8AD2122177CAD6300090305 /* 15.1.BG@2x.png in Resources */,
				A8AD2123177CAD6300090305 /* 15.1.SectionMessage.png in Resources */,
				A8AD2124177CAD6300090305 /* 15.1.SectionMessage@2x.png in Resources */,
				A8A2B040177DFBC000B72A54 /* info.png in Resources */,
				A8A2B041177DFBC000B72A54 /* info@2x.png in Resources */,
				A8A2B042177DFBC000B72A54 /* infoS.png in Resources */,
				A8A2B043177DFBC000B72A54 /* infoS@2x.png in Resources */,
				A8A2B044177DFBC000B72A54 /* precio.png in Resources */,
				A8A2B045177DFBC000B72A54 /* precio@2x.png in Resources */,
				A8A2B046177DFBC000B72A54 /* precioS.png in Resources */,
				A8A2B047177DFBC000B72A54 /* precioS@2x.png in Resources */,
				A8A2B048177DFBC000B72A54 /* sitio.png in Resources */,
				A8A2B049177DFBC000B72A54 /* sitio@2x.png in Resources */,
				A8A2B04A177DFBC000B72A54 /* sitioS.png in Resources */,
				A8A2B04B177DFBC000B72A54 /* sitioS@2x.png in Resources */,
				A89D25AD177EE1EB00F10202 /* page.png in Resources */,
				A85E94ED1781E3E70078F165 /* Images.plist in Resources */,
			);
			runOnlyForDeploymentPostprocessing = 0;
		};
/* End PBXResourcesBuildPhase section */

/* Begin PBXSourcesBuildPhase section */
		A8CF88B6177365180051DA64 /* Sources */ = {
			isa = PBXSourcesBuildPhase;
			buildActionMask = 2147483647;
			files = (
				A8CF88CA177365180051DA64 /* main.m in Sources */,
				A8CF88CE177365180051DA64 /* AppDelegate.m in Sources */,
				A89689861781D197001682B0 /* ControllerCarousel.m in Sources */,
				A89D25A9177EDF4600F10202 /* iCarousel.m in Sources */,
				A85E94F01781EBF00078F165 /* promoterCodeViewController.m in Sources */,
				A85E94F51781EC0A0078F165 /* jsonParser.m in Sources */,
				A85E94F61781EC0A0078F165 /* webServiceCaller.m in Sources */,
				A85E950D1781EC300078F165 /* SBJsonParser.m in Sources */,
				A85E950E1781EC300078F165 /* SBJsonStreamParser.m in Sources */,
				A85E950F1781EC300078F165 /* SBJsonStreamParserAccumulator.m in Sources */,
				A85E95101781EC300078F165 /* SBJsonStreamParserAdapter.m in Sources */,
				A85E95111781EC300078F165 /* SBJsonStreamParserState.m in Sources */,
				A85E95121781EC300078F165 /* SBJsonStreamTokeniser.m in Sources */,
				A85E95131781EC300078F165 /* SBJsonStreamWriter.m in Sources */,
				A85E95141781EC300078F165 /* SBJsonStreamWriterAccumulator.m in Sources */,
				A85E95151781EC300078F165 /* SBJsonStreamWriterState.m in Sources */,
				A85E95161781EC300078F165 /* SBJsonWriter.m in Sources */,
				A858609D1782084600F83F6A /* DetailsEventInfoViewController.m in Sources */,
				A8B40C7617821B020011ADBD /* PicturesEventViewController.m in Sources */,
			);
			runOnlyForDeploymentPostprocessing = 0;
		};
/* End PBXSourcesBuildPhase section */

/* Begin PBXVariantGroup section */
		A8CF88C6177365180051DA64 /* InfoPlist.strings */ = {
			isa = PBXVariantGroup;
			children = (
				A8A27C2E1773B30C00E8CFD1 /* es */,
			);
			name = InfoPlist.strings;
			sourceTree = "<group>";
		};
		A8CF88D5177365190051DA64 /* MainStoryboard.storyboard */ = {
			isa = PBXVariantGroup;
			children = (
				A8A27C2D1773B30C00E8CFD1 /* es */,
			);
			name = MainStoryboard.storyboard;
			sourceTree = "<group>";
		};
/* End PBXVariantGroup section */

/* Begin XCBuildConfiguration section */
		A8CF88E6177365190051DA64 /* Debug */ = {
			isa = XCBuildConfiguration;
			buildSettings = {
				ALWAYS_SEARCH_USER_PATHS = NO;
				CLANG_CXX_LANGUAGE_STANDARD = "gnu++0x";
				CLANG_CXX_LIBRARY = "libc++";
				CLANG_ENABLE_OBJC_ARC = YES;
				CLANG_WARN_CONSTANT_CONVERSION = YES;
				CLANG_WARN_EMPTY_BODY = YES;
				CLANG_WARN_ENUM_CONVERSION = YES;
				CLANG_WARN_INT_CONVERSION = YES;
				CLANG_WARN__DUPLICATE_METHOD_MATCH = YES;
				"CODE_SIGN_IDENTITY[sdk=iphoneos*]" = "iPhone Developer";
				COPY_PHASE_STRIP = NO;
				GCC_C_LANGUAGE_STANDARD = gnu99;
				GCC_DYNAMIC_NO_PIC = NO;
				GCC_OPTIMIZATION_LEVEL = 0;
				GCC_PREPROCESSOR_DEFINITIONS = (
					"DEBUG=1",
					"$(inherited)",
				);
				GCC_SYMBOLS_PRIVATE_EXTERN = NO;
				GCC_WARN_ABOUT_RETURN_TYPE = YES;
				GCC_WARN_UNINITIALIZED_AUTOS = YES;
				GCC_WARN_UNUSED_VARIABLE = YES;
				IPHONEOS_DEPLOYMENT_TARGET = 6.1;
				ONLY_ACTIVE_ARCH = YES;
				SDKROOT = iphoneos;
			};
			name = Debug;
		};
		A8CF88E7177365190051DA64 /* Release */ = {
			isa = XCBuildConfiguration;
			buildSettings = {
				ALWAYS_SEARCH_USER_PATHS = NO;
				CLANG_CXX_LANGUAGE_STANDARD = "gnu++0x";
				CLANG_CXX_LIBRARY = "libc++";
				CLANG_ENABLE_OBJC_ARC = YES;
				CLANG_WARN_CONSTANT_CONVERSION = YES;
				CLANG_WARN_EMPTY_BODY = YES;
				CLANG_WARN_ENUM_CONVERSION = YES;
				CLANG_WARN_INT_CONVERSION = YES;
				CLANG_WARN__DUPLICATE_METHOD_MATCH = YES;
				"CODE_SIGN_IDENTITY[sdk=iphoneos*]" = "iPhone Developer";
				COPY_PHASE_STRIP = YES;
				GCC_C_LANGUAGE_STANDARD = gnu99;
				GCC_WARN_ABOUT_RETURN_TYPE = YES;
				GCC_WARN_UNINITIALIZED_AUTOS = YES;
				GCC_WARN_UNUSED_VARIABLE = YES;
				IPHONEOS_DEPLOYMENT_TARGET = 6.1;
				OTHER_CFLAGS = "-DNS_BLOCK_ASSERTIONS=1";
				SDKROOT = iphoneos;
				VALIDATE_PRODUCT = YES;
			};
			name = Release;
		};
		A8CF88E9177365190051DA64 /* Debug */ = {
			isa = XCBuildConfiguration;
			buildSettings = {
				GCC_PRECOMPILE_PREFIX_HEADER = YES;
				GCC_PREFIX_HEADER = "BlackList/BlackList-Prefix.pch";
				INFOPLIST_FILE = "BlackList/BlackList-Info.plist";
				IPHONEOS_DEPLOYMENT_TARGET = 6.1;
				PRODUCT_NAME = "$(TARGET_NAME)";
				WRAPPER_EXTENSION = app;
			};
			name = Debug;
		};
		A8CF88EA177365190051DA64 /* Release */ = {
			isa = XCBuildConfiguration;
			buildSettings = {
				GCC_PRECOMPILE_PREFIX_HEADER = YES;
				GCC_PREFIX_HEADER = "BlackList/BlackList-Prefix.pch";
				INFOPLIST_FILE = "BlackList/BlackList-Info.plist";
				IPHONEOS_DEPLOYMENT_TARGET = 6.1;
				PRODUCT_NAME = "$(TARGET_NAME)";
				"SDKROOT[arch=*]" = iphoneos;
				WRAPPER_EXTENSION = app;
			};
			name = Release;
		};
/* End XCBuildConfiguration section */

/* Begin XCConfigurationList section */
		A8CF88B5177365180051DA64 /* Build configuration list for PBXProject "BlackList" */ = {
			isa = XCConfigurationList;
			buildConfigurations = (
				A8CF88E6177365190051DA64 /* Debug */,
				A8CF88E7177365190051DA64 /* Release */,
			);
			defaultConfigurationIsVisible = 0;
			defaultConfigurationName = Release;
		};
		A8CF88E8177365190051DA64 /* Build configuration list for PBXNativeTarget "BlackList" */ = {
			isa = XCConfigurationList;
			buildConfigurations = (
				A8CF88E9177365190051DA64 /* Debug */,
				A8CF88EA177365190051DA64 /* Release */,
			);
			defaultConfigurationIsVisible = 0;
			defaultConfigurationName = Release;
		};
/* End XCConfigurationList section */
	};
	rootObject = A8CF88B2177365180051DA64 /* Project object */;
}
